// !$*UTF8*$!
{
	archiveVersion = 1;
	classes = {
	};
	objectVersion = 77;
	objects = {

/* Begin PBXBuildFile section */
		966F38B82F387FD100E7F600 /* NavBarView.swift in Sources */ = {isa = PBXBuildFile; fileRef = 966F38B72F387FCB00E7F600 /* NavBarView.swift */; };
		966F38BA2F387FE200E7F600 /* CustomTabBarView.swift in Sources */ = {isa = PBXBuildFile; fileRef = 966F38B92F387FD400E7F600 /* CustomTabBarView.swift */; };
		966F38BC2F38809000E7F600 /* UIDeviceExtension.swift in Sources */ = {isa = PBXBuildFile; fileRef = 966F38BB2F38808800E7F600 /* UIDeviceExtension.swift */; };
		966F38BE2F3880F000E7F600 /* ColorExtension.swift in Sources */ = {isa = PBXBuildFile; fileRef = 966F38BD2F3880EB00E7F600 /* ColorExtension.swift */; };
		966F38C12F389E0500E7F600 /* Shimmer.swift in Sources */ = {isa = PBXBuildFile; fileRef = 966F38C02F389E0300E7F600 /* Shimmer.swift */; };
		966F38C42F38A2FF00E7F600 /* ErrorView.swift in Sources */ = {isa = PBXBuildFile; fileRef = 966F38C32F38A2FC00E7F600 /* ErrorView.swift */; };
		967792042F37956600BF6868 /* DogCardView.swift in Sources */ = {isa = PBXBuildFile; fileRef = 967792032F37956100BF6868 /* DogCardView.swift */; };
		967792082F383D4200BF6868 /* PaginationModel.swift in Sources */ = {isa = PBXBuildFile; fileRef = 967792072F383D3B00BF6868 /* PaginationModel.swift */; };
		96A3B0F82F36E03200B4EF9B /* DSFont.swift in Sources */ = {isa = PBXBuildFile; fileRef = 96A3B0F72F36E02F00B4EF9B /* DSFont.swift */; };
		96A3B0FA2F36E03E00B4EF9B /* DSColor.swift in Sources */ = {isa = PBXBuildFile; fileRef = 96A3B0F92F36E03B00B4EF9B /* DSColor.swift */; };
		96A3B0FF2F36E13300B4EF9B /* TextStyler.swift in Sources */ = {isa = PBXBuildFile; fileRef = 96A3B0FE2F36E13200B4EF9B /* TextStyler.swift */; };
		96A3B1022F36E2A200B4EF9B /* SwiftUIViewExtension.swift in Sources */ = {isa = PBXBuildFile; fileRef = 96A3B1012F36E29A00B4EF9B /* SwiftUIViewExtension.swift */; };
		96A3B1042F36E2B600B4EF9B /* Utils.swift in Sources */ = {isa = PBXBuildFile; fileRef = 96A3B1032F36E2A900B4EF9B /* Utils.swift */; };
		96A3B1062F36E3F700B4EF9B /* NetworkMonitor.swift in Sources */ = {isa = PBXBuildFile; fileRef = 96A3B1052F36E3F600B4EF9B /* NetworkMonitor.swift */; };
		96A3B1082F36E4C100B4EF9B /* FontExtension.swift in Sources */ = {isa = PBXBuildFile; fileRef = 96A3B1072F36E4BD00B4EF9B /* FontExtension.swift */; };
		96A3B10A2F36E99A00B4EF9B /* AppConfig.swift in Sources */ = {isa = PBXBuildFile; fileRef = 96A3B1092F36E99400B4EF9B /* AppConfig.swift */; };
		96A3B10D2F36EA3300B4EF9B /* ProdConfig.xcconfig in Resources */ = {isa = PBXBuildFile; fileRef = 96A3B10C2F36EA3300B4EF9B /* ProdConfig.xcconfig */; };
		96A3B10F2F36EA4700B4EF9B /* UATConfig.xcconfig in Resources */ = {isa = PBXBuildFile; fileRef = 96A3B10E2F36EA4700B4EF9B /* UATConfig.xcconfig */; };
		96A3B1112F36EA5C00B4EF9B /* DevConfig.xcconfig in Resources */ = {isa = PBXBuildFile; fileRef = 96A3B1102F36EA5C00B4EF9B /* DevConfig.xcconfig */; };
		96A3B1262F37009400B4EF9B /* BasicContainers in Frameworks */ = {isa = PBXBuildFile; productRef = 96A3B1252F37009400B4EF9B /* BasicContainers */; };
		96A3B1282F37009400B4EF9B /* BitCollections in Frameworks */ = {isa = PBXBuildFile; productRef = 96A3B1272F37009400B4EF9B /* BitCollections */; };
		96A3B12A2F37009400B4EF9B /* Collections in Frameworks */ = {isa = PBXBuildFile; productRef = 96A3B1292F37009400B4EF9B /* Collections */; };
		96A3B12C2F37009400B4EF9B /* ContainersPreview in Frameworks */ = {isa = PBXBuildFile; productRef = 96A3B12B2F37009400B4EF9B /* ContainersPreview */; };
		96A3B12E2F37009400B4EF9B /* DequeModule in Frameworks */ = {isa = PBXBuildFile; productRef = 96A3B12D2F37009400B4EF9B /* DequeModule */; };
		96A3B1302F37009400B4EF9B /* HashTreeCollections in Frameworks */ = {isa = PBXBuildFile; productRef = 96A3B12F2F37009400B4EF9B /* HashTreeCollections */; };
		96A3B1322F37009400B4EF9B /* HeapModule in Frameworks */ = {isa = PBXBuildFile; productRef = 96A3B1312F37009400B4EF9B /* HeapModule */; };
		96A3B1342F37009400B4EF9B /* OrderedCollections in Frameworks */ = {isa = PBXBuildFile; productRef = 96A3B1332F37009400B4EF9B /* OrderedCollections */; };
		96A3B1362F37009400B4EF9B /* TrailingElementsModule in Frameworks */ = {isa = PBXBuildFile; productRef = 96A3B1352F37009400B4EF9B /* TrailingElementsModule */; };
		96A3B1382F37009400B4EF9B /* _RopeModule in Frameworks */ = {isa = PBXBuildFile; productRef = 96A3B1372F37009400B4EF9B /* _RopeModule */; };
		96AF22682F3655E2002C410D /* NetworkService.swift in Sources */ = {isa = PBXBuildFile; fileRef = 96AF22432F3655E2002C410D /* NetworkService.swift */; };
		96AF226A2F3655E2002C410D /* CatsInteractor.swift in Sources */ = {isa = PBXBuildFile; fileRef = 96AF22482F3655E2002C410D /* CatsInteractor.swift */; };
		96AF226B2F3655E2002C410D /* CatsModels.swift in Sources */ = {isa = PBXBuildFile; fileRef = 96AF22492F3655E2002C410D /* CatsModels.swift */; };
		96AF226C2F3655E2002C410D /* CatsPresenter.swift in Sources */ = {isa = PBXBuildFile; fileRef = 96AF224A2F3655E2002C410D /* CatsPresenter.swift */; };
		96AF226D2F3655E2002C410D /* CatsView.swift in Sources */ = {isa = PBXBuildFile; fileRef = 96AF224B2F3655E2002C410D /* CatsView.swift */; };
		96AF226E2F3655E2002C410D /* CatsWorker.swift in Sources */ = {isa = PBXBuildFile; fileRef = 96AF224C2F3655E2002C410D /* CatsWorker.swift */; };
		96AF226F2F3655E2002C410D /* DogsInteractor.swift in Sources */ = {isa = PBXBuildFile; fileRef = 96AF224E2F3655E2002C410D /* DogsInteractor.swift */; };
		96AF22702F3655E2002C410D /* DogsModels.swift in Sources */ = {isa = PBXBuildFile; fileRef = 96AF224F2F3655E2002C410D /* DogsModels.swift */; };
		96AF22712F3655E2002C410D /* DogsPresenter.swift in Sources */ = {isa = PBXBuildFile; fileRef = 96AF22502F3655E2002C410D /* DogsPresenter.swift */; };
		96AF22722F3655E2002C410D /* DogsView.swift in Sources */ = {isa = PBXBuildFile; fileRef = 96AF22512F3655E2002C410D /* DogsView.swift */; };
		96AF22732F3655E2002C410D /* DogsWorker.swift in Sources */ = {isa = PBXBuildFile; fileRef = 96AF22522F3655E2002C410D /* DogsWorker.swift */; };
		96AF22742F3655E2002C410D /* AppContainer.swift in Sources */ = {isa = PBXBuildFile; fileRef = 96AF22542F3655E2002C410D /* AppContainer.swift */; };
		96AF22752F3655E2002C410D /* RootView.swift in Sources */ = {isa = PBXBuildFile; fileRef = 96AF22552F3655E2002C410D /* RootView.swift */; };
		96AF22762F3655E2002C410D /* MeInteractor.swift in Sources */ = {isa = PBXBuildFile; fileRef = 96AF22572F3655E2002C410D /* MeInteractor.swift */; };
		96AF22772F3655E2002C410D /* MeModels.swift in Sources */ = {isa = PBXBuildFile; fileRef = 96AF22582F3655E2002C410D /* MeModels.swift */; };
		96AF22782F3655E2002C410D /* MePresenter.swift in Sources */ = {isa = PBXBuildFile; fileRef = 96AF22592F3655E2002C410D /* MePresenter.swift */; };
		96AF22792F3655E2002C410D /* MeView.swift in Sources */ = {isa = PBXBuildFile; fileRef = 96AF225A2F3655E2002C410D /* MeView.swift */; };
		96AF227A2F3655E2002C410D /* MeWorker.swift in Sources */ = {isa = PBXBuildFile; fileRef = 96AF225B2F3655E2002C410D /* MeWorker.swift */; };
		96AF227B2F3655E2002C410D /* AppDelegate.swift in Sources */ = {isa = PBXBuildFile; fileRef = 96AF225E2F3655E2002C410D /* AppDelegate.swift */; };
		96AF227C2F3655E2002C410D /* SceneDelegate.swift in Sources */ = {isa = PBXBuildFile; fileRef = 96AF22652F3655E2002C410D /* SceneDelegate.swift */; };
		96AF227E2F3655E2002C410D /* Assets.xcassets in Resources */ = {isa = PBXBuildFile; fileRef = 96AF225F2F3655E2002C410D /* Assets.xcassets */; };
		96AF22802F3655E2002C410D /* LaunchScreen.storyboard in Resources */ = {isa = PBXBuildFile; fileRef = 96AF22622F3655E2002C410D /* LaunchScreen.storyboard */; };
		96AF22902F3655E5002C410D /* MockCatsWorker.swift in Sources */ = {isa = PBXBuildFile; fileRef = 96AF22822F3655E5002C410D /* MockCatsWorker.swift */; };
		96AF22912F3655E5002C410D /* MockDogsWorker.swift in Sources */ = {isa = PBXBuildFile; fileRef = 96AF22832F3655E5002C410D /* MockDogsWorker.swift */; };
		96AF22922F3655E5002C410D /* MockMeWorker.swift in Sources */ = {isa = PBXBuildFile; fileRef = 96AF22842F3655E5002C410D /* MockMeWorker.swift */; };
		96AF22932F3655E5002C410D /* MockNetworkService.swift in Sources */ = {isa = PBXBuildFile; fileRef = 96AF22852F3655E5002C410D /* MockNetworkService.swift */; };
		96AF22942F3655E5002C410D /* MockPresenters.swift in Sources */ = {isa = PBXBuildFile; fileRef = 96AF22862F3655E5002C410D /* MockPresenters.swift */; };
		96AF22952F3655E5002C410D /* CatsInteractorTests.swift in Sources */ = {isa = PBXBuildFile; fileRef = 96AF22882F3655E5002C410D /* CatsInteractorTests.swift */; };
		96AF22962F3655E5002C410D /* CatsPresenterTests.swift in Sources */ = {isa = PBXBuildFile; fileRef = 96AF22892F3655E5002C410D /* CatsPresenterTests.swift */; };
		96AF22982F3655E5002C410D /* DogsInteractorTests.swift in Sources */ = {isa = PBXBuildFile; fileRef = 96AF228B2F3655E5002C410D /* DogsInteractorTests.swift */; };
		96AF22992F3655E5002C410D /* DogsPresenterTests.swift in Sources */ = {isa = PBXBuildFile; fileRef = 96AF228C2F3655E5002C410D /* DogsPresenterTests.swift */; };
		96AF229A2F3655E5002C410D /* MeInteractorTests.swift in Sources */ = {isa = PBXBuildFile; fileRef = 96AF228D2F3655E5002C410D /* MeInteractorTests.swift */; };
		96AF229B2F3655E5002C410D /* MePresenterTests.swift in Sources */ = {isa = PBXBuildFile; fileRef = 96AF228E2F3655E5002C410D /* MePresenterTests.swift */; };
		96AF22A02F3655EA002C410D /* dogCatAndIUITestsLaunchTests.swift in Sources */ = {isa = PBXBuildFile; fileRef = 96AF229D2F3655EA002C410D /* dogCatAndIUITestsLaunchTests.swift */; };
		96AF22B92F365F0F002C410D /* Alamofire in Frameworks */ = {isa = PBXBuildFile; productRef = 96AF22B82F365F0F002C410D /* Alamofire */; };
		96AF22BC2F365F30002C410D /* netfox in Frameworks */ = {isa = PBXBuildFile; productRef = 96AF22BB2F365F30002C410D /* netfox */; };
		96FFC4932F38EAEE00A69B48 /* SkeletonView.swift in Sources */ = {isa = PBXBuildFile; fileRef = 96FFC4922F38EAEA00A69B48 /* SkeletonView.swift */; };
		96FFC4952F38F6A900A69B48 /* CatCardView.swift in Sources */ = {isa = PBXBuildFile; fileRef = 96FFC4942F38F6A500A69B48 /* CatCardView.swift */; };
		96FFC4982F38FEA200A69B48 /* DividerView.swift in Sources */ = {isa = PBXBuildFile; fileRef = 96FFC4972F38FE9E00A69B48 /* DividerView.swift */; };
		96FFC49C2F3922C200A69B48 /* StringExtension.swift in Sources */ = {isa = PBXBuildFile; fileRef = 96FFC49B2F3922BC00A69B48 /* StringExtension.swift */; };
/* End PBXBuildFile section */

/* Begin PBXContainerItemProxy section */
		966C7E802F35FBF700382491 /* PBXContainerItemProxy */ = {
			isa = PBXContainerItemProxy;
			containerPortal = 966C7E612F35FBF500382491 /* Project object */;
			proxyType = 1;
			remoteGlobalIDString = 966C7E682F35FBF500382491;
			remoteInfo = dogCatAndI;
		};
		966C7E8A2F35FBF700382491 /* PBXContainerItemProxy */ = {
			isa = PBXContainerItemProxy;
			containerPortal = 966C7E612F35FBF500382491 /* Project object */;
			proxyType = 1;
			remoteGlobalIDString = 966C7E682F35FBF500382491;
			remoteInfo = dogCatAndI;
		};
/* End PBXContainerItemProxy section */

/* Begin PBXFileReference section */
		966C7E692F35FBF500382491 /* dogCatAndI.app */ = {isa = PBXFileReference; explicitFileType = wrapper.application; includeInIndex = 0; path = dogCatAndI.app; sourceTree = BUILT_PRODUCTS_DIR; };
		966C7E7F2F35FBF700382491 /* dogCatAndITests.xctest */ = {isa = PBXFileReference; explicitFileType = wrapper.cfbundle; includeInIndex = 0; path = dogCatAndITests.xctest; sourceTree = BUILT_PRODUCTS_DIR; };
		966C7E892F35FBF700382491 /* dogCatAndIUITests.xctest */ = {isa = PBXFileReference; explicitFileType = wrapper.cfbundle; includeInIndex = 0; path = dogCatAndIUITests.xctest; sourceTree = BUILT_PRODUCTS_DIR; };
		966F38B72F387FCB00E7F600 /* NavBarView.swift */ = {isa = PBXFileReference; lastKnownFileType = sourcecode.swift; path = NavBarView.swift; sourceTree = "<group>"; };
		966F38B92F387FD400E7F600 /* CustomTabBarView.swift */ = {isa = PBXFileReference; lastKnownFileType = sourcecode.swift; path = CustomTabBarView.swift; sourceTree = "<group>"; };
		966F38BB2F38808800E7F600 /* UIDeviceExtension.swift */ = {isa = PBXFileReference; lastKnownFileType = sourcecode.swift; path = UIDeviceExtension.swift; sourceTree = "<group>"; };
		966F38BD2F3880EB00E7F600 /* ColorExtension.swift */ = {isa = PBXFileReference; lastKnownFileType = sourcecode.swift; path = ColorExtension.swift; sourceTree = "<group>"; };
		966F38C02F389E0300E7F600 /* Shimmer.swift */ = {isa = PBXFileReference; lastKnownFileType = sourcecode.swift; path = Shimmer.swift; sourceTree = "<group>"; };
		966F38C32F38A2FC00E7F600 /* ErrorView.swift */ = {isa = PBXFileReference; lastKnownFileType = sourcecode.swift; path = ErrorView.swift; sourceTree = "<group>"; };
		967792032F37956100BF6868 /* DogCardView.swift */ = {isa = PBXFileReference; lastKnownFileType = sourcecode.swift; path = DogCardView.swift; sourceTree = "<group>"; };
		967792072F383D3B00BF6868 /* PaginationModel.swift */ = {isa = PBXFileReference; lastKnownFileType = sourcecode.swift; path = PaginationModel.swift; sourceTree = "<group>"; };
		96A3B0F72F36E02F00B4EF9B /* DSFont.swift */ = {isa = PBXFileReference; lastKnownFileType = sourcecode.swift; path = DSFont.swift; sourceTree = "<group>"; };
		96A3B0F92F36E03B00B4EF9B /* DSColor.swift */ = {isa = PBXFileReference; lastKnownFileType = sourcecode.swift; path = DSColor.swift; sourceTree = "<group>"; };
		96A3B0FE2F36E13200B4EF9B /* TextStyler.swift */ = {isa = PBXFileReference; lastKnownFileType = sourcecode.swift; path = TextStyler.swift; sourceTree = "<group>"; };
		96A3B1012F36E29A00B4EF9B /* SwiftUIViewExtension.swift */ = {isa = PBXFileReference; lastKnownFileType = sourcecode.swift; path = SwiftUIViewExtension.swift; sourceTree = "<group>"; };
		96A3B1032F36E2A900B4EF9B /* Utils.swift */ = {isa = PBXFileReference; lastKnownFileType = sourcecode.swift; path = Utils.swift; sourceTree = "<group>"; };
		96A3B1052F36E3F600B4EF9B /* NetworkMonitor.swift */ = {isa = PBXFileReference; lastKnownFileType = sourcecode.swift; path = NetworkMonitor.swift; sourceTree = "<group>"; };
		96A3B1072F36E4BD00B4EF9B /* FontExtension.swift */ = {isa = PBXFileReference; lastKnownFileType = sourcecode.swift; path = FontExtension.swift; sourceTree = "<group>"; };
		96A3B1092F36E99400B4EF9B /* AppConfig.swift */ = {isa = PBXFileReference; lastKnownFileType = sourcecode.swift; path = AppConfig.swift; sourceTree = "<group>"; };
		96A3B10C2F36EA3300B4EF9B /* ProdConfig.xcconfig */ = {isa = PBXFileReference; lastKnownFileType = text.xcconfig; path = ProdConfig.xcconfig; sourceTree = "<group>"; };
		96A3B10E2F36EA4700B4EF9B /* UATConfig.xcconfig */ = {isa = PBXFileReference; lastKnownFileType = text.xcconfig; path = UATConfig.xcconfig; sourceTree = "<group>"; };
		96A3B1102F36EA5C00B4EF9B /* DevConfig.xcconfig */ = {isa = PBXFileReference; lastKnownFileType = text.xcconfig; path = DevConfig.xcconfig; sourceTree = "<group>"; };
		96AF22432F3655E2002C410D /* NetworkService.swift */ = {isa = PBXFileReference; lastKnownFileType = sourcecode.swift; path = NetworkService.swift; sourceTree = "<group>"; };
		96AF22482F3655E2002C410D /* CatsInteractor.swift */ = {isa = PBXFileReference; lastKnownFileType = sourcecode.swift; path = CatsInteractor.swift; sourceTree = "<group>"; };
		96AF22492F3655E2002C410D /* CatsModels.swift */ = {isa = PBXFileReference; lastKnownFileType = sourcecode.swift; path = CatsModels.swift; sourceTree = "<group>"; };
		96AF224A2F3655E2002C410D /* CatsPresenter.swift */ = {isa = PBXFileReference; lastKnownFileType = sourcecode.swift; path = CatsPresenter.swift; sourceTree = "<group>"; };
		96AF224B2F3655E2002C410D /* CatsView.swift */ = {isa = PBXFileReference; lastKnownFileType = sourcecode.swift; path = CatsView.swift; sourceTree = "<group>"; };
		96AF224C2F3655E2002C410D /* CatsWorker.swift */ = {isa = PBXFileReference; lastKnownFileType = sourcecode.swift; path = CatsWorker.swift; sourceTree = "<group>"; };
		96AF224E2F3655E2002C410D /* DogsInteractor.swift */ = {isa = PBXFileReference; lastKnownFileType = sourcecode.swift; path = DogsInteractor.swift; sourceTree = "<group>"; };
		96AF224F2F3655E2002C410D /* DogsModels.swift */ = {isa = PBXFileReference; lastKnownFileType = sourcecode.swift; path = DogsModels.swift; sourceTree = "<group>"; };
		96AF22502F3655E2002C410D /* DogsPresenter.swift */ = {isa = PBXFileReference; lastKnownFileType = sourcecode.swift; path = DogsPresenter.swift; sourceTree = "<group>"; };
		96AF22512F3655E2002C410D /* DogsView.swift */ = {isa = PBXFileReference; lastKnownFileType = sourcecode.swift; path = DogsView.swift; sourceTree = "<group>"; };
		96AF22522F3655E2002C410D /* DogsWorker.swift */ = {isa = PBXFileReference; lastKnownFileType = sourcecode.swift; path = DogsWorker.swift; sourceTree = "<group>"; };
		96AF22542F3655E2002C410D /* AppContainer.swift */ = {isa = PBXFileReference; lastKnownFileType = sourcecode.swift; path = AppContainer.swift; sourceTree = "<group>"; };
		96AF22552F3655E2002C410D /* RootView.swift */ = {isa = PBXFileReference; lastKnownFileType = sourcecode.swift; path = RootView.swift; sourceTree = "<group>"; };
		96AF22572F3655E2002C410D /* MeInteractor.swift */ = {isa = PBXFileReference; lastKnownFileType = sourcecode.swift; path = MeInteractor.swift; sourceTree = "<group>"; };
		96AF22582F3655E2002C410D /* MeModels.swift */ = {isa = PBXFileReference; lastKnownFileType = sourcecode.swift; path = MeModels.swift; sourceTree = "<group>"; };
		96AF22592F3655E2002C410D /* MePresenter.swift */ = {isa = PBXFileReference; lastKnownFileType = sourcecode.swift; path = MePresenter.swift; sourceTree = "<group>"; };
		96AF225A2F3655E2002C410D /* MeView.swift */ = {isa = PBXFileReference; lastKnownFileType = sourcecode.swift; path = MeView.swift; sourceTree = "<group>"; };
		96AF225B2F3655E2002C410D /* MeWorker.swift */ = {isa = PBXFileReference; lastKnownFileType = sourcecode.swift; path = MeWorker.swift; sourceTree = "<group>"; };
		96AF225E2F3655E2002C410D /* AppDelegate.swift */ = {isa = PBXFileReference; lastKnownFileType = sourcecode.swift; path = AppDelegate.swift; sourceTree = "<group>"; };
		96AF225F2F3655E2002C410D /* Assets.xcassets */ = {isa = PBXFileReference; lastKnownFileType = folder.assetcatalog; path = Assets.xcassets; sourceTree = "<group>"; };
		96AF22602F3655E2002C410D /* Info.plist */ = {isa = PBXFileReference; lastKnownFileType = text.plist.xml; path = Info.plist; sourceTree = "<group>"; };
		96AF22612F3655E2002C410D /* Base */ = {isa = PBXFileReference; lastKnownFileType = file.storyboard; name = Base; path = Base.lproj/LaunchScreen.storyboard; sourceTree = "<group>"; };
		96AF22652F3655E2002C410D /* SceneDelegate.swift */ = {isa = PBXFileReference; lastKnownFileType = sourcecode.swift; path = SceneDelegate.swift; sourceTree = "<group>"; };
		96AF22822F3655E5002C410D /* MockCatsWorker.swift */ = {isa = PBXFileReference; lastKnownFileType = sourcecode.swift; path = MockCatsWorker.swift; sourceTree = "<group>"; };
		96AF22832F3655E5002C410D /* MockDogsWorker.swift */ = {isa = PBXFileReference; lastKnownFileType = sourcecode.swift; path = MockDogsWorker.swift; sourceTree = "<group>"; };
		96AF22842F3655E5002C410D /* MockMeWorker.swift */ = {isa = PBXFileReference; lastKnownFileType = sourcecode.swift; path = MockMeWorker.swift; sourceTree = "<group>"; };
		96AF22852F3655E5002C410D /* MockNetworkService.swift */ = {isa = PBXFileReference; lastKnownFileType = sourcecode.swift; path = MockNetworkService.swift; sourceTree = "<group>"; };
		96AF22862F3655E5002C410D /* MockPresenters.swift */ = {isa = PBXFileReference; lastKnownFileType = sourcecode.swift; path = MockPresenters.swift; sourceTree = "<group>"; };
		96AF22882F3655E5002C410D /* CatsInteractorTests.swift */ = {isa = PBXFileReference; lastKnownFileType = sourcecode.swift; path = CatsInteractorTests.swift; sourceTree = "<group>"; };
		96AF22892F3655E5002C410D /* CatsPresenterTests.swift */ = {isa = PBXFileReference; lastKnownFileType = sourcecode.swift; path = CatsPresenterTests.swift; sourceTree = "<group>"; };
		96AF228B2F3655E5002C410D /* DogsInteractorTests.swift */ = {isa = PBXFileReference; lastKnownFileType = sourcecode.swift; path = DogsInteractorTests.swift; sourceTree = "<group>"; };
		96AF228C2F3655E5002C410D /* DogsPresenterTests.swift */ = {isa = PBXFileReference; lastKnownFileType = sourcecode.swift; path = DogsPresenterTests.swift; sourceTree = "<group>"; };
		96AF228D2F3655E5002C410D /* MeInteractorTests.swift */ = {isa = PBXFileReference; lastKnownFileType = sourcecode.swift; path = MeInteractorTests.swift; sourceTree = "<group>"; };
		96AF228E2F3655E5002C410D /* MePresenterTests.swift */ = {isa = PBXFileReference; lastKnownFileType = sourcecode.swift; path = MePresenterTests.swift; sourceTree = "<group>"; };
		96AF229D2F3655EA002C410D /* dogCatAndIUITestsLaunchTests.swift */ = {isa = PBXFileReference; lastKnownFileType = sourcecode.swift; path = dogCatAndIUITestsLaunchTests.swift; sourceTree = "<group>"; };
		96FFC4922F38EAEA00A69B48 /* SkeletonView.swift */ = {isa = PBXFileReference; lastKnownFileType = sourcecode.swift; path = SkeletonView.swift; sourceTree = "<group>"; };
		96FFC4942F38F6A500A69B48 /* CatCardView.swift */ = {isa = PBXFileReference; lastKnownFileType = sourcecode.swift; path = CatCardView.swift; sourceTree = "<group>"; };
		96FFC4972F38FE9E00A69B48 /* DividerView.swift */ = {isa = PBXFileReference; lastKnownFileType = sourcecode.swift; path = DividerView.swift; sourceTree = "<group>"; };
		96FFC49B2F3922BC00A69B48 /* StringExtension.swift */ = {isa = PBXFileReference; lastKnownFileType = sourcecode.swift; path = StringExtension.swift; sourceTree = "<group>"; };
/* End PBXFileReference section */

/* Begin PBXFrameworksBuildPhase section */
		966C7E662F35FBF500382491 /* Frameworks */ = {
			isa = PBXFrameworksBuildPhase;
			buildActionMask = 2147483647;
			files = (
				96A3B1342F37009400B4EF9B /* OrderedCollections in Frameworks */,
				96A3B1362F37009400B4EF9B /* TrailingElementsModule in Frameworks */,
				96A3B1282F37009400B4EF9B /* BitCollections in Frameworks */,
				96A3B1262F37009400B4EF9B /* BasicContainers in Frameworks */,
				96A3B12A2F37009400B4EF9B /* Collections in Frameworks */,
				96A3B12E2F37009400B4EF9B /* DequeModule in Frameworks */,
				96A3B1382F37009400B4EF9B /* _RopeModule in Frameworks */,
				96A3B12C2F37009400B4EF9B /* ContainersPreview in Frameworks */,
				96AF22BC2F365F30002C410D /* netfox in Frameworks */,
				96A3B1302F37009400B4EF9B /* HashTreeCollections in Frameworks */,
				96A3B1322F37009400B4EF9B /* HeapModule in Frameworks */,
				96AF22B92F365F0F002C410D /* Alamofire in Frameworks */,
			);
			runOnlyForDeploymentPostprocessing = 0;
		};
		966C7E7C2F35FBF700382491 /* Frameworks */ = {
			isa = PBXFrameworksBuildPhase;
			buildActionMask = 2147483647;
			files = (
			);
			runOnlyForDeploymentPostprocessing = 0;
		};
		966C7E862F35FBF700382491 /* Frameworks */ = {
			isa = PBXFrameworksBuildPhase;
			buildActionMask = 2147483647;
			files = (
			);
			runOnlyForDeploymentPostprocessing = 0;
		};
/* End PBXFrameworksBuildPhase section */

/* Begin PBXGroup section */
		966C7E602F35FBF500382491 = {
			isa = PBXGroup;
			children = (
				96AF22672F3655E2002C410D /* dogCatAndI */,
				96AF228F2F3655E5002C410D /* dogCatAndITests */,
				96AF229E2F3655EA002C410D /* dogCatAndIUITests */,
				966C7E6A2F35FBF500382491 /* Products */,
			);
			sourceTree = "<group>";
		};
		966C7E6A2F35FBF500382491 /* Products */ = {
			isa = PBXGroup;
			children = (
				966C7E692F35FBF500382491 /* dogCatAndI.app */,
				966C7E7F2F35FBF700382491 /* dogCatAndITests.xctest */,
				966C7E892F35FBF700382491 /* dogCatAndIUITests.xctest */,
			);
			name = Products;
			sourceTree = "<group>";
		};
		966F38B62F387FBC00E7F600 /* MenuBarView */ = {
			isa = PBXGroup;
			children = (
				966F38B92F387FD400E7F600 /* CustomTabBarView.swift */,
				966F38B72F387FCB00E7F600 /* NavBarView.swift */,
			);
			path = MenuBarView;
			sourceTree = "<group>";
		};
		966F38BF2F389DE500E7F600 /* Shimmer */ = {
			isa = PBXGroup;
			children = (
				966F38C02F389E0300E7F600 /* Shimmer.swift */,
			);
			path = Shimmer;
			sourceTree = "<group>";
		};
		966F38C22F38A2F600E7F600 /* ErrorView */ = {
			isa = PBXGroup;
			children = (
				966F38C32F38A2FC00E7F600 /* ErrorView.swift */,
			);
			path = ErrorView;
			sourceTree = "<group>";
		};
		96A3B0F62F36E02500B4EF9B /* DesignSystem */ = {
			isa = PBXGroup;
			children = (
				96A3B0F92F36E03B00B4EF9B /* DSColor.swift */,
				96A3B0F72F36E02F00B4EF9B /* DSFont.swift */,
			);
			path = DesignSystem;
			sourceTree = "<group>";
		};
		96A3B0FB2F36E10400B4EF9B /* UIComponent */ = {
			isa = PBXGroup;
			children = (
				96FFC4962F38FE9800A69B48 /* DividerView */,
				96FFC4912F38EAE300A69B48 /* SkeletonView */,
				966F38C22F38A2F600E7F600 /* ErrorView */,
				966F38BF2F389DE500E7F600 /* Shimmer */,
				966F38B62F387FBC00E7F600 /* MenuBarView */,
				96A3B0FD2F36E12700B4EF9B /* TextStyler */,
			);
			path = UIComponent;
			sourceTree = "<group>";
		};
		96A3B0FD2F36E12700B4EF9B /* TextStyler */ = {
			isa = PBXGroup;
			children = (
				96A3B0FE2F36E13200B4EF9B /* TextStyler.swift */,
			);
			path = TextStyler;
			sourceTree = "<group>";
		};
		96A3B1002F36E29200B4EF9B /* Extension */ = {
			isa = PBXGroup;
			children = (
				96FFC49B2F3922BC00A69B48 /* StringExtension.swift */,
				966F38BD2F3880EB00E7F600 /* ColorExtension.swift */,
				966F38BB2F38808800E7F600 /* UIDeviceExtension.swift */,
				96A3B1072F36E4BD00B4EF9B /* FontExtension.swift */,
				96A3B1012F36E29A00B4EF9B /* SwiftUIViewExtension.swift */,
			);
			path = Extension;
			sourceTree = "<group>";
		};
		96A3B10B2F36EA0A00B4EF9B /* Config */ = {
			isa = PBXGroup;
			children = (
				96A3B1092F36E99400B4EF9B /* AppConfig.swift */,
				96A3B10C2F36EA3300B4EF9B /* ProdConfig.xcconfig */,
				96A3B10E2F36EA4700B4EF9B /* UATConfig.xcconfig */,
				96A3B1102F36EA5C00B4EF9B /* DevConfig.xcconfig */,
			);
			path = Config;
			sourceTree = "<group>";
		};
		96A3B1222F36F9CA00B4EF9B /* Worker */ = {
			isa = PBXGroup;
			children = (
				96AF224C2F3655E2002C410D /* CatsWorker.swift */,
				96AF22522F3655E2002C410D /* DogsWorker.swift */,
				96AF225B2F3655E2002C410D /* MeWorker.swift */,
			);
			path = Worker;
			sourceTree = "<group>";
		};
		96A3B1232F36F9DD00B4EF9B /* Model */ = {
			isa = PBXGroup;
			children = (
				967792072F383D3B00BF6868 /* PaginationModel.swift */,
				96AF22492F3655E2002C410D /* CatsModels.swift */,
				96AF224F2F3655E2002C410D /* DogsModels.swift */,
				96AF22582F3655E2002C410D /* MeModels.swift */,
			);
			path = Model;
			sourceTree = "<group>";
		};
		96AF22442F3655E2002C410D /* Network */ = {
			isa = PBXGroup;
			children = (
				96A3B1052F36E3F600B4EF9B /* NetworkMonitor.swift */,
				96AF22432F3655E2002C410D /* NetworkService.swift */,
			);
			path = Network;
			sourceTree = "<group>";
		};
		96AF22472F3655E2002C410D /* Core */ = {
			isa = PBXGroup;
			children = (
				96A3B0F62F36E02500B4EF9B /* DesignSystem */,
				96A3B1002F36E29200B4EF9B /* Extension */,
				96A3B1232F36F9DD00B4EF9B /* Model */,
				96AF22442F3655E2002C410D /* Network */,
				96A3B0FB2F36E10400B4EF9B /* UIComponent */,
				96AF22BD2F3663FF002C410D /* Utility */,
				96A3B1222F36F9CA00B4EF9B /* Worker */,
			);
			path = Core;
			sourceTree = "<group>";
		};
		96AF224D2F3655E2002C410D /* Cats */ = {
			isa = PBXGroup;
			children = (
				96FFC4942F38F6A500A69B48 /* CatCardView.swift */,
				96AF22482F3655E2002C410D /* CatsInteractor.swift */,
				96AF224A2F3655E2002C410D /* CatsPresenter.swift */,
				96AF224B2F3655E2002C410D /* CatsView.swift */,
			);
			path = Cats;
			sourceTree = "<group>";
		};
		96AF22532F3655E2002C410D /* Dogs */ = {
			isa = PBXGroup;
			children = (
				967792032F37956100BF6868 /* DogCardView.swift */,
				96AF224E2F3655E2002C410D /* DogsInteractor.swift */,
				96AF22502F3655E2002C410D /* DogsPresenter.swift */,
				96AF22512F3655E2002C410D /* DogsView.swift */,
			);
			path = Dogs;
			sourceTree = "<group>";
		};
		96AF22562F3655E2002C410D /* _RootView */ = {
			isa = PBXGroup;
			children = (
				96AF22542F3655E2002C410D /* AppContainer.swift */,
				96AF22552F3655E2002C410D /* RootView.swift */,
			);
			path = _RootView;
			sourceTree = "<group>";
		};
		96AF225C2F3655E2002C410D /* Me */ = {
			isa = PBXGroup;
			children = (
				96AF22572F3655E2002C410D /* MeInteractor.swift */,
				96AF22592F3655E2002C410D /* MePresenter.swift */,
				96AF225A2F3655E2002C410D /* MeView.swift */,
			);
			path = Me;
			sourceTree = "<group>";
		};
		96AF225D2F3655E2002C410D /* Feature */ = {
			isa = PBXGroup;
			children = (
				96AF22562F3655E2002C410D /* _RootView */,
				96AF224D2F3655E2002C410D /* Cats */,
				96AF22532F3655E2002C410D /* Dogs */,
				96AF225C2F3655E2002C410D /* Me */,
			);
			path = Feature;
			sourceTree = "<group>";
		};
		96AF22672F3655E2002C410D /* dogCatAndI */ = {
			isa = PBXGroup;
			children = (
				96A3B10B2F36EA0A00B4EF9B /* Config */,
				96AF225E2F3655E2002C410D /* AppDelegate.swift */,
				96AF22652F3655E2002C410D /* SceneDelegate.swift */,
				96AF22622F3655E2002C410D /* LaunchScreen.storyboard */,
				96AF22472F3655E2002C410D /* Core */,
				96AF225D2F3655E2002C410D /* Feature */,
				96AF22602F3655E2002C410D /* Info.plist */,
				96AF225F2F3655E2002C410D /* Assets.xcassets */,
			);
			path = dogCatAndI;
			sourceTree = "<group>";
		};
		96AF22872F3655E5002C410D /* Mocks */ = {
			isa = PBXGroup;
			children = (
				96AF22822F3655E5002C410D /* MockCatsWorker.swift */,
				96AF22832F3655E5002C410D /* MockDogsWorker.swift */,
				96AF22842F3655E5002C410D /* MockMeWorker.swift */,
				96AF22852F3655E5002C410D /* MockNetworkService.swift */,
				96AF22862F3655E5002C410D /* MockPresenters.swift */,
			);
			path = Mocks;
			sourceTree = "<group>";
		};
		96AF228F2F3655E5002C410D /* dogCatAndITests */ = {
			isa = PBXGroup;
			children = (
				96AF22872F3655E5002C410D /* Mocks */,
				96AF22882F3655E5002C410D /* CatsInteractorTests.swift */,
				96AF22892F3655E5002C410D /* CatsPresenterTests.swift */,
				96AF228B2F3655E5002C410D /* DogsInteractorTests.swift */,
				96AF228C2F3655E5002C410D /* DogsPresenterTests.swift */,
				96AF228D2F3655E5002C410D /* MeInteractorTests.swift */,
				96AF228E2F3655E5002C410D /* MePresenterTests.swift */,
			);
			path = dogCatAndITests;
			sourceTree = "<group>";
		};
		96AF229E2F3655EA002C410D /* dogCatAndIUITests */ = {
			isa = PBXGroup;
			children = (
				96AF229D2F3655EA002C410D /* dogCatAndIUITestsLaunchTests.swift */,
			);
			path = dogCatAndIUITests;
			sourceTree = "<group>";
		};
		96AF22BD2F3663FF002C410D /* Utility */ = {
			isa = PBXGroup;
			children = (
				96A3B1032F36E2A900B4EF9B /* Utils.swift */,
			);
			path = Utility;
			sourceTree = "<group>";
		};
		96FFC4912F38EAE300A69B48 /* SkeletonView */ = {
			isa = PBXGroup;
			children = (
				96FFC4922F38EAEA00A69B48 /* SkeletonView.swift */,
			);
			path = SkeletonView;
			sourceTree = "<group>";
		};
		96FFC4962F38FE9800A69B48 /* DividerView */ = {
			isa = PBXGroup;
			children = (
				96FFC4972F38FE9E00A69B48 /* DividerView.swift */,
			);
			path = DividerView;
			sourceTree = "<group>";
		};
/* End PBXGroup section */

/* Begin PBXNativeTarget section */
		966C7E682F35FBF500382491 /* dogCatAndI */ = {
			isa = PBXNativeTarget;
			buildConfigurationList = 966C7E922F35FBF700382491 /* Build configuration list for PBXNativeTarget "dogCatAndI" */;
			buildPhases = (
				966C7E652F35FBF500382491 /* Sources */,
				966C7E662F35FBF500382491 /* Frameworks */,
				966C7E672F35FBF500382491 /* Resources */,
			);
			buildRules = (
			);
			dependencies = (
			);
			name = dogCatAndI;
			packageProductDependencies = (
				96AF22B82F365F0F002C410D /* Alamofire */,
				96AF22BB2F365F30002C410D /* netfox */,
				96A3B1252F37009400B4EF9B /* BasicContainers */,
				96A3B1272F37009400B4EF9B /* BitCollections */,
				96A3B1292F37009400B4EF9B /* Collections */,
				96A3B12B2F37009400B4EF9B /* ContainersPreview */,
				96A3B12D2F37009400B4EF9B /* DequeModule */,
				96A3B12F2F37009400B4EF9B /* HashTreeCollections */,
				96A3B1312F37009400B4EF9B /* HeapModule */,
				96A3B1332F37009400B4EF9B /* OrderedCollections */,
				96A3B1352F37009400B4EF9B /* TrailingElementsModule */,
				96A3B1372F37009400B4EF9B /* _RopeModule */,
			);
			productName = dogCatAndI;
			productReference = 966C7E692F35FBF500382491 /* dogCatAndI.app */;
			productType = "com.apple.product-type.application";
		};
		966C7E7E2F35FBF700382491 /* dogCatAndITests */ = {
			isa = PBXNativeTarget;
			buildConfigurationList = 966C7E972F35FBF700382491 /* Build configuration list for PBXNativeTarget "dogCatAndITests" */;
			buildPhases = (
				966C7E7B2F35FBF700382491 /* Sources */,
				966C7E7C2F35FBF700382491 /* Frameworks */,
				966C7E7D2F35FBF700382491 /* Resources */,
			);
			buildRules = (
			);
			dependencies = (
				966C7E812F35FBF700382491 /* PBXTargetDependency */,
			);
			name = dogCatAndITests;
			packageProductDependencies = (
			);
			productName = dogCatAndITests;
			productReference = 966C7E7F2F35FBF700382491 /* dogCatAndITests.xctest */;
			productType = "com.apple.product-type.bundle.unit-test";
		};
		966C7E882F35FBF700382491 /* dogCatAndIUITests */ = {
			isa = PBXNativeTarget;
			buildConfigurationList = 966C7E9A2F35FBF700382491 /* Build configuration list for PBXNativeTarget "dogCatAndIUITests" */;
			buildPhases = (
				966C7E852F35FBF700382491 /* Sources */,
				966C7E862F35FBF700382491 /* Frameworks */,
				966C7E872F35FBF700382491 /* Resources */,
			);
			buildRules = (
			);
			dependencies = (
				966C7E8B2F35FBF700382491 /* PBXTargetDependency */,
			);
			name = dogCatAndIUITests;
			packageProductDependencies = (
			);
			productName = dogCatAndIUITests;
			productReference = 966C7E892F35FBF700382491 /* dogCatAndIUITests.xctest */;
			productType = "com.apple.product-type.bundle.ui-testing";
		};
/* End PBXNativeTarget section */

/* Begin PBXProject section */
		966C7E612F35FBF500382491 /* Project object */ = {
			isa = PBXProject;
			attributes = {
				BuildIndependentTargetsInParallel = 1;
				LastSwiftUpdateCheck = 2620;
				LastUpgradeCheck = 2620;
				TargetAttributes = {
					966C7E682F35FBF500382491 = {
						CreatedOnToolsVersion = 26.2;
					};
					966C7E7E2F35FBF700382491 = {
						CreatedOnToolsVersion = 26.2;
						TestTargetID = 966C7E682F35FBF500382491;
					};
					966C7E882F35FBF700382491 = {
						CreatedOnToolsVersion = 26.2;
						TestTargetID = 966C7E682F35FBF500382491;
					};
				};
			};
			buildConfigurationList = 966C7E642F35FBF500382491 /* Build configuration list for PBXProject "dogCatAndI" */;
			developmentRegion = en;
			hasScannedForEncodings = 0;
			knownRegions = (
				en,
				Base,
			);
			mainGroup = 966C7E602F35FBF500382491;
			minimizedProjectReferenceProxies = 1;
			packageReferences = (
				96AF22B72F365F0F002C410D /* XCRemoteSwiftPackageReference "Alamofire" */,
				96AF22BA2F365F30002C410D /* XCRemoteSwiftPackageReference "netfox" */,
				96A3B1242F37009400B4EF9B /* XCRemoteSwiftPackageReference "swift-collections" */,
			);
			preferredProjectObjectVersion = 77;
			productRefGroup = 966C7E6A2F35FBF500382491 /* Products */;
			projectDirPath = "";
			projectRoot = "";
			targets = (
				966C7E682F35FBF500382491 /* dogCatAndI */,
				966C7E7E2F35FBF700382491 /* dogCatAndITests */,
				966C7E882F35FBF700382491 /* dogCatAndIUITests */,
			);
		};
/* End PBXProject section */

/* Begin PBXResourcesBuildPhase section */
		966C7E672F35FBF500382491 /* Resources */ = {
			isa = PBXResourcesBuildPhase;
			buildActionMask = 2147483647;
			files = (
				96AF227E2F3655E2002C410D /* Assets.xcassets in Resources */,
				96A3B1112F36EA5C00B4EF9B /* DevConfig.xcconfig in Resources */,
				96A3B10F2F36EA4700B4EF9B /* UATConfig.xcconfig in Resources */,
				96A3B10D2F36EA3300B4EF9B /* ProdConfig.xcconfig in Resources */,
				96AF22802F3655E2002C410D /* LaunchScreen.storyboard in Resources */,
			);
			runOnlyForDeploymentPostprocessing = 0;
		};
		966C7E7D2F35FBF700382491 /* Resources */ = {
			isa = PBXResourcesBuildPhase;
			buildActionMask = 2147483647;
			files = (
			);
			runOnlyForDeploymentPostprocessing = 0;
		};
		966C7E872F35FBF700382491 /* Resources */ = {
			isa = PBXResourcesBuildPhase;
			buildActionMask = 2147483647;
			files = (
			);
			runOnlyForDeploymentPostprocessing = 0;
		};
/* End PBXResourcesBuildPhase section */

/* Begin PBXSourcesBuildPhase section */
		966C7E652F35FBF500382491 /* Sources */ = {
			isa = PBXSourcesBuildPhase;
			buildActionMask = 2147483647;
			files = (
				96AF22682F3655E2002C410D /* NetworkService.swift in Sources */,
				96A3B1022F36E2A200B4EF9B /* SwiftUIViewExtension.swift in Sources */,
				96FFC4932F38EAEE00A69B48 /* SkeletonView.swift in Sources */,
				966F38B82F387FD100E7F600 /* NavBarView.swift in Sources */,
				966F38BE2F3880F000E7F600 /* ColorExtension.swift in Sources */,
				96A3B1082F36E4C100B4EF9B /* FontExtension.swift in Sources */,
				96AF226A2F3655E2002C410D /* CatsInteractor.swift in Sources */,
				96FFC4952F38F6A900A69B48 /* CatCardView.swift in Sources */,
				96A3B0FF2F36E13300B4EF9B /* TextStyler.swift in Sources */,
				96A3B1042F36E2B600B4EF9B /* Utils.swift in Sources */,
				96A3B10A2F36E99A00B4EF9B /* AppConfig.swift in Sources */,
				96A3B0FA2F36E03E00B4EF9B /* DSColor.swift in Sources */,
				96A3B1062F36E3F700B4EF9B /* NetworkMonitor.swift in Sources */,
				96AF226B2F3655E2002C410D /* CatsModels.swift in Sources */,
				967792082F383D4200BF6868 /* PaginationModel.swift in Sources */,
				96AF226C2F3655E2002C410D /* CatsPresenter.swift in Sources */,
				96AF226D2F3655E2002C410D /* CatsView.swift in Sources */,
				96AF226E2F3655E2002C410D /* CatsWorker.swift in Sources */,
				96A3B0F82F36E03200B4EF9B /* DSFont.swift in Sources */,
				96AF226F2F3655E2002C410D /* DogsInteractor.swift in Sources */,
				96AF22702F3655E2002C410D /* DogsModels.swift in Sources */,
				96AF22712F3655E2002C410D /* DogsPresenter.swift in Sources */,
				966F38C42F38A2FF00E7F600 /* ErrorView.swift in Sources */,
				96AF22722F3655E2002C410D /* DogsView.swift in Sources */,
				966F38BA2F387FE200E7F600 /* CustomTabBarView.swift in Sources */,
				96FFC4982F38FEA200A69B48 /* DividerView.swift in Sources */,
				96AF22732F3655E2002C410D /* DogsWorker.swift in Sources */,
				96AF22742F3655E2002C410D /* AppContainer.swift in Sources */,
				96AF22752F3655E2002C410D /* RootView.swift in Sources */,
				966F38BC2F38809000E7F600 /* UIDeviceExtension.swift in Sources */,
				96AF22762F3655E2002C410D /* MeInteractor.swift in Sources */,
				96AF22772F3655E2002C410D /* MeModels.swift in Sources */,
				96AF22782F3655E2002C410D /* MePresenter.swift in Sources */,
				967792042F37956600BF6868 /* DogCardView.swift in Sources */,
				96AF22792F3655E2002C410D /* MeView.swift in Sources */,
				96AF227A2F3655E2002C410D /* MeWorker.swift in Sources */,
				96FFC49C2F3922C200A69B48 /* StringExtension.swift in Sources */,
				966F38C12F389E0500E7F600 /* Shimmer.swift in Sources */,
				96AF227B2F3655E2002C410D /* AppDelegate.swift in Sources */,
				96AF227C2F3655E2002C410D /* SceneDelegate.swift in Sources */,
			);
			runOnlyForDeploymentPostprocessing = 0;
		};
		966C7E7B2F35FBF700382491 /* Sources */ = {
			isa = PBXSourcesBuildPhase;
			buildActionMask = 2147483647;
			files = (
				96AF22902F3655E5002C410D /* MockCatsWorker.swift in Sources */,
				96AF22912F3655E5002C410D /* MockDogsWorker.swift in Sources */,
				96AF22922F3655E5002C410D /* MockMeWorker.swift in Sources */,
				96AF22932F3655E5002C410D /* MockNetworkService.swift in Sources */,
				96AF22942F3655E5002C410D /* MockPresenters.swift in Sources */,
				96AF22952F3655E5002C410D /* CatsInteractorTests.swift in Sources */,
				96AF22962F3655E5002C410D /* CatsPresenterTests.swift in Sources */,
				96AF22982F3655E5002C410D /* DogsInteractorTests.swift in Sources */,
				96AF22992F3655E5002C410D /* DogsPresenterTests.swift in Sources */,
				96AF229A2F3655E5002C410D /* MeInteractorTests.swift in Sources */,
				96AF229B2F3655E5002C410D /* MePresenterTests.swift in Sources */,
			);
			runOnlyForDeploymentPostprocessing = 0;
		};
		966C7E852F35FBF700382491 /* Sources */ = {
			isa = PBXSourcesBuildPhase;
			buildActionMask = 2147483647;
			files = (
				96AF22A02F3655EA002C410D /* dogCatAndIUITestsLaunchTests.swift in Sources */,
			);
			runOnlyForDeploymentPostprocessing = 0;
		};
/* End PBXSourcesBuildPhase section */

/* Begin PBXTargetDependency section */
		966C7E812F35FBF700382491 /* PBXTargetDependency */ = {
			isa = PBXTargetDependency;
			target = 966C7E682F35FBF500382491 /* dogCatAndI */;
			targetProxy = 966C7E802F35FBF700382491 /* PBXContainerItemProxy */;
		};
		966C7E8B2F35FBF700382491 /* PBXTargetDependency */ = {
			isa = PBXTargetDependency;
			target = 966C7E682F35FBF500382491 /* dogCatAndI */;
			targetProxy = 966C7E8A2F35FBF700382491 /* PBXContainerItemProxy */;
		};
/* End PBXTargetDependency section */

/* Begin PBXVariantGroup section */
		96AF22622F3655E2002C410D /* LaunchScreen.storyboard */ = {
			isa = PBXVariantGroup;
			children = (
				96AF22612F3655E2002C410D /* Base */,
			);
			name = LaunchScreen.storyboard;
			sourceTree = "<group>";
		};
/* End PBXVariantGroup section */

/* Begin XCBuildConfiguration section */
		966C7E932F35FBF700382491 /* Debug */ = {
			isa = XCBuildConfiguration;
			buildSettings = {
				ASSETCATALOG_COMPILER_APPICON_NAME = AppIcon;
				ASSETCATALOG_COMPILER_GLOBAL_ACCENT_COLOR_NAME = AccentColor;
				CODE_SIGN_STYLE = Automatic;
				CURRENT_PROJECT_VERSION = 1;
				DEVELOPMENT_TEAM = 9JR855JWZY;
				GENERATE_INFOPLIST_FILE = YES;
				INFOPLIST_FILE = dogCatAndI/Info.plist;
				INFOPLIST_KEY_CFBundleDisplayName = "Dog + Cat & I";
				INFOPLIST_KEY_LSApplicationCategoryType = "public.app-category.education";
				INFOPLIST_KEY_UIApplicationSupportsIndirectInputEvents = YES;
				INFOPLIST_KEY_UILaunchStoryboardName = LaunchScreen;
				INFOPLIST_KEY_UISupportedInterfaceOrientations_iPad = "UIInterfaceOrientationPortrait UIInterfaceOrientationPortraitUpsideDown UIInterfaceOrientationLandscapeLeft UIInterfaceOrientationLandscapeRight";
				INFOPLIST_KEY_UISupportedInterfaceOrientations_iPhone = "UIInterfaceOrientationPortrait UIInterfaceOrientationLandscapeLeft UIInterfaceOrientationLandscapeRight";
				IPHONEOS_DEPLOYMENT_TARGET = 16.6;
				LD_RUNPATH_SEARCH_PATHS = (
					"$(inherited)",
					"@executable_path/Frameworks",
				);
				MARKETING_VERSION = 1.0;
				PRODUCT_BUNDLE_IDENTIFIER = com.app.dogCatAndI;
				PRODUCT_NAME = "$(TARGET_NAME)";
				STRING_CATALOG_GENERATE_SYMBOLS = YES;
				SWIFT_APPROACHABLE_CONCURRENCY = YES;
				SWIFT_DEFAULT_ACTOR_ISOLATION = MainActor;
				SWIFT_EMIT_LOC_STRINGS = YES;
				SWIFT_UPCOMING_FEATURE_MEMBER_IMPORT_VISIBILITY = YES;
				SWIFT_VERSION = 5.0;
				TARGETED_DEVICE_FAMILY = "1,2";
			};
			name = Debug;
		};
		966C7E942F35FBF700382491 /* Release */ = {
			isa = XCBuildConfiguration;
			buildSettings = {
				ASSETCATALOG_COMPILER_APPICON_NAME = AppIcon;
				ASSETCATALOG_COMPILER_GLOBAL_ACCENT_COLOR_NAME = AccentColor;
				CODE_SIGN_STYLE = Automatic;
				CURRENT_PROJECT_VERSION = 1;
				DEVELOPMENT_TEAM = 9JR855JWZY;
				GENERATE_INFOPLIST_FILE = YES;
				INFOPLIST_FILE = dogCatAndI/Info.plist;
				INFOPLIST_KEY_CFBundleDisplayName = "Dog + Cat & I";
				INFOPLIST_KEY_LSApplicationCategoryType = "public.app-category.education";
				INFOPLIST_KEY_UIApplicationSupportsIndirectInputEvents = YES;
				INFOPLIST_KEY_UILaunchStoryboardName = LaunchScreen;
				INFOPLIST_KEY_UISupportedInterfaceOrientations_iPad = "UIInterfaceOrientationPortrait UIInterfaceOrientationPortraitUpsideDown UIInterfaceOrientationLandscapeLeft UIInterfaceOrientationLandscapeRight";
				INFOPLIST_KEY_UISupportedInterfaceOrientations_iPhone = "UIInterfaceOrientationPortrait UIInterfaceOrientationLandscapeLeft UIInterfaceOrientationLandscapeRight";
				IPHONEOS_DEPLOYMENT_TARGET = 16.6;
				LD_RUNPATH_SEARCH_PATHS = (
					"$(inherited)",
					"@executable_path/Frameworks",
				);
				MARKETING_VERSION = 1.0;
				PRODUCT_BUNDLE_IDENTIFIER = com.app.dogCatAndI;
				PRODUCT_NAME = "$(TARGET_NAME)";
				STRING_CATALOG_GENERATE_SYMBOLS = YES;
				SWIFT_APPROACHABLE_CONCURRENCY = YES;
				SWIFT_DEFAULT_ACTOR_ISOLATION = MainActor;
				SWIFT_EMIT_LOC_STRINGS = YES;
				SWIFT_UPCOMING_FEATURE_MEMBER_IMPORT_VISIBILITY = YES;
				SWIFT_VERSION = 5.0;
				TARGETED_DEVICE_FAMILY = "1,2";
			};
			name = Release;
		};
		966C7E952F35FBF700382491 /* Debug */ = {
			isa = XCBuildConfiguration;
			baseConfigurationReference = 96A3B10C2F36EA3300B4EF9B /* ProdConfig.xcconfig */;
			buildSettings = {
				ALWAYS_SEARCH_USER_PATHS = NO;
				ASSETCATALOG_COMPILER_GENERATE_SWIFT_ASSET_SYMBOL_EXTENSIONS = YES;
				CLANG_ANALYZER_NONNULL = YES;
				CLANG_ANALYZER_NUMBER_OBJECT_CONVERSION = YES_AGGRESSIVE;
				CLANG_CXX_LANGUAGE_STANDARD = "gnu++20";
				CLANG_ENABLE_MODULES = YES;
				CLANG_ENABLE_OBJC_ARC = YES;
				CLANG_ENABLE_OBJC_WEAK = YES;
				CLANG_WARN_BLOCK_CAPTURE_AUTORELEASING = YES;
				CLANG_WARN_BOOL_CONVERSION = YES;
				CLANG_WARN_COMMA = YES;
				CLANG_WARN_CONSTANT_CONVERSION = YES;
				CLANG_WARN_DEPRECATED_OBJC_IMPLEMENTATIONS = YES;
				CLANG_WARN_DIRECT_OBJC_ISA_USAGE = YES_ERROR;
				CLANG_WARN_DOCUMENTATION_COMMENTS = YES;
				CLANG_WARN_EMPTY_BODY = YES;
				CLANG_WARN_ENUM_CONVERSION = YES;
				CLANG_WARN_INFINITE_RECURSION = YES;
				CLANG_WARN_INT_CONVERSION = YES;
				CLANG_WARN_NON_LITERAL_NULL_CONVERSION = YES;
				CLANG_WARN_OBJC_IMPLICIT_RETAIN_SELF = YES;
				CLANG_WARN_OBJC_LITERAL_CONVERSION = YES;
				CLANG_WARN_OBJC_ROOT_CLASS = YES_ERROR;
				CLANG_WARN_QUOTED_INCLUDE_IN_FRAMEWORK_HEADER = YES;
				CLANG_WARN_RANGE_LOOP_ANALYSIS = YES;
				CLANG_WARN_STRICT_PROTOTYPES = YES;
				CLANG_WARN_SUSPICIOUS_MOVE = YES;
				CLANG_WARN_UNGUARDED_AVAILABILITY = YES_AGGRESSIVE;
				CLANG_WARN_UNREACHABLE_CODE = YES;
				CLANG_WARN__DUPLICATE_METHOD_MATCH = YES;
				COPY_PHASE_STRIP = NO;
				DEBUG_INFORMATION_FORMAT = dwarf;
				DEVELOPMENT_TEAM = 9JR855JWZY;
				ENABLE_STRICT_OBJC_MSGSEND = YES;
				ENABLE_TESTABILITY = YES;
				ENABLE_USER_SCRIPT_SANDBOXING = YES;
				GCC_C_LANGUAGE_STANDARD = gnu17;
				GCC_DYNAMIC_NO_PIC = NO;
				GCC_NO_COMMON_BLOCKS = YES;
				GCC_OPTIMIZATION_LEVEL = 0;
				GCC_PREPROCESSOR_DEFINITIONS = (
					"DEBUG=1",
					"$(inherited)",
				);
				GCC_WARN_64_TO_32_BIT_CONVERSION = YES;
				GCC_WARN_ABOUT_RETURN_TYPE = YES_ERROR;
				GCC_WARN_UNDECLARED_SELECTOR = YES;
				GCC_WARN_UNINITIALIZED_AUTOS = YES_AGGRESSIVE;
				GCC_WARN_UNUSED_FUNCTION = YES;
				GCC_WARN_UNUSED_VARIABLE = YES;
				IPHONEOS_DEPLOYMENT_TARGET = 26.2;
				LOCALIZATION_PREFERS_STRING_CATALOGS = YES;
				MTL_ENABLE_DEBUG_INFO = INCLUDE_SOURCE;
				MTL_FAST_MATH = YES;
				ONLY_ACTIVE_ARCH = YES;
				SDKROOT = iphoneos;
				SWIFT_ACTIVE_COMPILATION_CONDITIONS = "DEBUG $(inherited)";
				SWIFT_OPTIMIZATION_LEVEL = "-Onone";
				SWIFT_VERSION = 6.0;
			};
			name = Debug;
		};
		966C7E962F35FBF700382491 /* Release */ = {
			isa = XCBuildConfiguration;
			baseConfigurationReference = 96A3B10C2F36EA3300B4EF9B /* ProdConfig.xcconfig */;
			buildSettings = {
				ALWAYS_SEARCH_USER_PATHS = NO;
				ASSETCATALOG_COMPILER_GENERATE_SWIFT_ASSET_SYMBOL_EXTENSIONS = YES;
				CLANG_ANALYZER_NONNULL = YES;
				CLANG_ANALYZER_NUMBER_OBJECT_CONVERSION = YES_AGGRESSIVE;
				CLANG_CXX_LANGUAGE_STANDARD = "gnu++20";
				CLANG_ENABLE_MODULES = YES;
				CLANG_ENABLE_OBJC_ARC = YES;
				CLANG_ENABLE_OBJC_WEAK = YES;
				CLANG_WARN_BLOCK_CAPTURE_AUTORELEASING = YES;
				CLANG_WARN_BOOL_CONVERSION = YES;
				CLANG_WARN_COMMA = YES;
				CLANG_WARN_CONSTANT_CONVERSION = YES;
				CLANG_WARN_DEPRECATED_OBJC_IMPLEMENTATIONS = YES;
				CLANG_WARN_DIRECT_OBJC_ISA_USAGE = YES_ERROR;
				CLANG_WARN_DOCUMENTATION_COMMENTS = YES;
				CLANG_WARN_EMPTY_BODY = YES;
				CLANG_WARN_ENUM_CONVERSION = YES;
				CLANG_WARN_INFINITE_RECURSION = YES;
				CLANG_WARN_INT_CONVERSION = YES;
				CLANG_WARN_NON_LITERAL_NULL_CONVERSION = YES;
				CLANG_WARN_OBJC_IMPLICIT_RETAIN_SELF = YES;
				CLANG_WARN_OBJC_LITERAL_CONVERSION = YES;
				CLANG_WARN_OBJC_ROOT_CLASS = YES_ERROR;
				CLANG_WARN_QUOTED_INCLUDE_IN_FRAMEWORK_HEADER = YES;
				CLANG_WARN_RANGE_LOOP_ANALYSIS = YES;
				CLANG_WARN_STRICT_PROTOTYPES = YES;
				CLANG_WARN_SUSPICIOUS_MOVE = YES;
				CLANG_WARN_UNGUARDED_AVAILABILITY = YES_AGGRESSIVE;
				CLANG_WARN_UNREACHABLE_CODE = YES;
				CLANG_WARN__DUPLICATE_METHOD_MATCH = YES;
				COPY_PHASE_STRIP = NO;
				DEBUG_INFORMATION_FORMAT = "dwarf-with-dsym";
				DEVELOPMENT_TEAM = 9JR855JWZY;
				ENABLE_NS_ASSERTIONS = NO;
				ENABLE_STRICT_OBJC_MSGSEND = YES;
				ENABLE_USER_SCRIPT_SANDBOXING = YES;
				GCC_C_LANGUAGE_STANDARD = gnu17;
				GCC_NO_COMMON_BLOCKS = YES;
				GCC_WARN_64_TO_32_BIT_CONVERSION = YES;
				GCC_WARN_ABOUT_RETURN_TYPE = YES_ERROR;
				GCC_WARN_UNDECLARED_SELECTOR = YES;
				GCC_WARN_UNINITIALIZED_AUTOS = YES_AGGRESSIVE;
				GCC_WARN_UNUSED_FUNCTION = YES;
				GCC_WARN_UNUSED_VARIABLE = YES;
				IPHONEOS_DEPLOYMENT_TARGET = 26.2;
				LOCALIZATION_PREFERS_STRING_CATALOGS = YES;
				MTL_ENABLE_DEBUG_INFO = NO;
				MTL_FAST_MATH = YES;
				SDKROOT = iphoneos;
				SWIFT_COMPILATION_MODE = wholemodule;
				SWIFT_VERSION = 6.0;
				VALIDATE_PRODUCT = YES;
			};
			name = Release;
		};
		966C7E982F35FBF700382491 /* Debug */ = {
			isa = XCBuildConfiguration;
			buildSettings = {
				BUNDLE_LOADER = "$(TEST_HOST)";
				CODE_SIGN_STYLE = Automatic;
				CURRENT_PROJECT_VERSION = 1;
				DEVELOPMENT_TEAM = 9JR855JWZY;
				GENERATE_INFOPLIST_FILE = YES;
				IPHONEOS_DEPLOYMENT_TARGET = 26.2;
				MARKETING_VERSION = 1.0;
				PRODUCT_BUNDLE_IDENTIFIER = com.app.dogCatAndITests;
				PRODUCT_NAME = "$(TARGET_NAME)";
				STRING_CATALOG_GENERATE_SYMBOLS = NO;
				SWIFT_APPROACHABLE_CONCURRENCY = YES;
				SWIFT_EMIT_LOC_STRINGS = NO;
				SWIFT_UPCOMING_FEATURE_MEMBER_IMPORT_VISIBILITY = YES;
				SWIFT_VERSION = 5.0;
				TARGETED_DEVICE_FAMILY = "1,2";
				TEST_HOST = "$(BUILT_PRODUCTS_DIR)/dogCatAndI.app/$(BUNDLE_EXECUTABLE_FOLDER_PATH)/dogCatAndI";
			};
			name = Debug;
		};
		966C7E992F35FBF700382491 /* Release */ = {
			isa = XCBuildConfiguration;
			buildSettings = {
				BUNDLE_LOADER = "$(TEST_HOST)";
				CODE_SIGN_STYLE = Automatic;
				CURRENT_PROJECT_VERSION = 1;
				DEVELOPMENT_TEAM = 9JR855JWZY;
				GENERATE_INFOPLIST_FILE = YES;
				IPHONEOS_DEPLOYMENT_TARGET = 26.2;
				MARKETING_VERSION = 1.0;
				PRODUCT_BUNDLE_IDENTIFIER = com.app.dogCatAndITests;
				PRODUCT_NAME = "$(TARGET_NAME)";
				STRING_CATALOG_GENERATE_SYMBOLS = NO;
				SWIFT_APPROACHABLE_CONCURRENCY = YES;
				SWIFT_EMIT_LOC_STRINGS = NO;
				SWIFT_UPCOMING_FEATURE_MEMBER_IMPORT_VISIBILITY = YES;
				SWIFT_VERSION = 5.0;
				TARGETED_DEVICE_FAMILY = "1,2";
				TEST_HOST = "$(BUILT_PRODUCTS_DIR)/dogCatAndI.app/$(BUNDLE_EXECUTABLE_FOLDER_PATH)/dogCatAndI";
			};
			name = Release;
		};
		966C7E9B2F35FBF700382491 /* Debug */ = {
			isa = XCBuildConfiguration;
			buildSettings = {
				CODE_SIGN_STYLE = Automatic;
				CURRENT_PROJECT_VERSION = 1;
				DEVELOPMENT_TEAM = 9JR855JWZY;
				GENERATE_INFOPLIST_FILE = YES;
				MARKETING_VERSION = 1.0;
				PRODUCT_BUNDLE_IDENTIFIER = com.app.dogCatAndIUITests;
				PRODUCT_NAME = "$(TARGET_NAME)";
				STRING_CATALOG_GENERATE_SYMBOLS = NO;
				SWIFT_APPROACHABLE_CONCURRENCY = YES;
				SWIFT_EMIT_LOC_STRINGS = NO;
				SWIFT_UPCOMING_FEATURE_MEMBER_IMPORT_VISIBILITY = YES;
				SWIFT_VERSION = 5.0;
				TARGETED_DEVICE_FAMILY = "1,2";
				TEST_TARGET_NAME = dogCatAndI;
			};
			name = Debug;
		};
		966C7E9C2F35FBF700382491 /* Release */ = {
			isa = XCBuildConfiguration;
			buildSettings = {
				CODE_SIGN_STYLE = Automatic;
				CURRENT_PROJECT_VERSION = 1;
				DEVELOPMENT_TEAM = 9JR855JWZY;
				GENERATE_INFOPLIST_FILE = YES;
				MARKETING_VERSION = 1.0;
				PRODUCT_BUNDLE_IDENTIFIER = com.app.dogCatAndIUITests;
				PRODUCT_NAME = "$(TARGET_NAME)";
				STRING_CATALOG_GENERATE_SYMBOLS = NO;
				SWIFT_APPROACHABLE_CONCURRENCY = YES;
				SWIFT_EMIT_LOC_STRINGS = NO;
				SWIFT_UPCOMING_FEATURE_MEMBER_IMPORT_VISIBILITY = YES;
				SWIFT_VERSION = 5.0;
				TARGETED_DEVICE_FAMILY = "1,2";
				TEST_TARGET_NAME = dogCatAndI;
			};
			name = Release;
		};
		96A3B1122F36ED1400B4EF9B /* DebugUAT */ = {
			isa = XCBuildConfiguration;
			baseConfigurationReference = 96A3B10E2F36EA4700B4EF9B /* UATConfig.xcconfig */;
			buildSettings = {
				ALWAYS_SEARCH_USER_PATHS = NO;
				ASSETCATALOG_COMPILER_GENERATE_SWIFT_ASSET_SYMBOL_EXTENSIONS = YES;
				CLANG_ANALYZER_NONNULL = YES;
				CLANG_ANALYZER_NUMBER_OBJECT_CONVERSION = YES_AGGRESSIVE;
				CLANG_CXX_LANGUAGE_STANDARD = "gnu++20";
				CLANG_ENABLE_MODULES = YES;
				CLANG_ENABLE_OBJC_ARC = YES;
				CLANG_ENABLE_OBJC_WEAK = YES;
				CLANG_WARN_BLOCK_CAPTURE_AUTORELEASING = YES;
				CLANG_WARN_BOOL_CONVERSION = YES;
				CLANG_WARN_COMMA = YES;
				CLANG_WARN_CONSTANT_CONVERSION = YES;
				CLANG_WARN_DEPRECATED_OBJC_IMPLEMENTATIONS = YES;
				CLANG_WARN_DIRECT_OBJC_ISA_USAGE = YES_ERROR;
				CLANG_WARN_DOCUMENTATION_COMMENTS = YES;
				CLANG_WARN_EMPTY_BODY = YES;
				CLANG_WARN_ENUM_CONVERSION = YES;
				CLANG_WARN_INFINITE_RECURSION = YES;
				CLANG_WARN_INT_CONVERSION = YES;
				CLANG_WARN_NON_LITERAL_NULL_CONVERSION = YES;
				CLANG_WARN_OBJC_IMPLICIT_RETAIN_SELF = YES;
				CLANG_WARN_OBJC_LITERAL_CONVERSION = YES;
				CLANG_WARN_OBJC_ROOT_CLASS = YES_ERROR;
				CLANG_WARN_QUOTED_INCLUDE_IN_FRAMEWORK_HEADER = YES;
				CLANG_WARN_RANGE_LOOP_ANALYSIS = YES;
				CLANG_WARN_STRICT_PROTOTYPES = YES;
				CLANG_WARN_SUSPICIOUS_MOVE = YES;
				CLANG_WARN_UNGUARDED_AVAILABILITY = YES_AGGRESSIVE;
				CLANG_WARN_UNREACHABLE_CODE = YES;
				CLANG_WARN__DUPLICATE_METHOD_MATCH = YES;
				COPY_PHASE_STRIP = NO;
				DEBUG_INFORMATION_FORMAT = dwarf;
				DEVELOPMENT_TEAM = 9JR855JWZY;
				ENABLE_STRICT_OBJC_MSGSEND = YES;
				ENABLE_TESTABILITY = YES;
				ENABLE_USER_SCRIPT_SANDBOXING = YES;
				GCC_C_LANGUAGE_STANDARD = gnu17;
				GCC_DYNAMIC_NO_PIC = NO;
				GCC_NO_COMMON_BLOCKS = YES;
				GCC_OPTIMIZATION_LEVEL = 0;
				GCC_PREPROCESSOR_DEFINITIONS = (
					"DEBUG=1",
					"$(inherited)",
				);
				GCC_WARN_64_TO_32_BIT_CONVERSION = YES;
				GCC_WARN_ABOUT_RETURN_TYPE = YES_ERROR;
				GCC_WARN_UNDECLARED_SELECTOR = YES;
				GCC_WARN_UNINITIALIZED_AUTOS = YES_AGGRESSIVE;
				GCC_WARN_UNUSED_FUNCTION = YES;
				GCC_WARN_UNUSED_VARIABLE = YES;
				IPHONEOS_DEPLOYMENT_TARGET = 26.2;
				LOCALIZATION_PREFERS_STRING_CATALOGS = YES;
				MTL_ENABLE_DEBUG_INFO = INCLUDE_SOURCE;
				MTL_FAST_MATH = YES;
				ONLY_ACTIVE_ARCH = YES;
				SDKROOT = iphoneos;
				SWIFT_ACTIVE_COMPILATION_CONDITIONS = "DEBUG $(inherited)";
				SWIFT_OPTIMIZATION_LEVEL = "-Onone";
				SWIFT_VERSION = 6.0;
			};
			name = DebugUAT;
		};
		96A3B1132F36ED1400B4EF9B /* DebugUAT */ = {
			isa = XCBuildConfiguration;
			buildSettings = {
				ASSETCATALOG_COMPILER_APPICON_NAME = AppIcon;
				ASSETCATALOG_COMPILER_GLOBAL_ACCENT_COLOR_NAME = AccentColor;
				CODE_SIGN_STYLE = Automatic;
				CURRENT_PROJECT_VERSION = 1;
				DEVELOPMENT_TEAM = 9JR855JWZY;
				GENERATE_INFOPLIST_FILE = YES;
				INFOPLIST_FILE = dogCatAndI/Info.plist;
				INFOPLIST_KEY_CFBundleDisplayName = "Dog + Cat & I";
				INFOPLIST_KEY_LSApplicationCategoryType = "public.app-category.education";
				INFOPLIST_KEY_UIApplicationSupportsIndirectInputEvents = YES;
				INFOPLIST_KEY_UILaunchStoryboardName = LaunchScreen;
				INFOPLIST_KEY_UISupportedInterfaceOrientations_iPad = "UIInterfaceOrientationPortrait UIInterfaceOrientationPortraitUpsideDown UIInterfaceOrientationLandscapeLeft UIInterfaceOrientationLandscapeRight";
				INFOPLIST_KEY_UISupportedInterfaceOrientations_iPhone = "UIInterfaceOrientationPortrait UIInterfaceOrientationLandscapeLeft UIInterfaceOrientationLandscapeRight";
				IPHONEOS_DEPLOYMENT_TARGET = 16.6;
				LD_RUNPATH_SEARCH_PATHS = (
					"$(inherited)",
					"@executable_path/Frameworks",
				);
				MARKETING_VERSION = 1.0;
				PRODUCT_BUNDLE_IDENTIFIER = com.app.dogCatAndI;
				PRODUCT_NAME = "$(TARGET_NAME)";
				STRING_CATALOG_GENERATE_SYMBOLS = YES;
				SWIFT_APPROACHABLE_CONCURRENCY = YES;
				SWIFT_DEFAULT_ACTOR_ISOLATION = MainActor;
				SWIFT_EMIT_LOC_STRINGS = YES;
				SWIFT_UPCOMING_FEATURE_MEMBER_IMPORT_VISIBILITY = YES;
				SWIFT_VERSION = 5.0;
				TARGETED_DEVICE_FAMILY = "1,2";
			};
			name = DebugUAT;
		};
		96A3B1142F36ED1400B4EF9B /* DebugUAT */ = {
			isa = XCBuildConfiguration;
			buildSettings = {
				BUNDLE_LOADER = "$(TEST_HOST)";
				CODE_SIGN_STYLE = Automatic;
				CURRENT_PROJECT_VERSION = 1;
				DEVELOPMENT_TEAM = 9JR855JWZY;
				GENERATE_INFOPLIST_FILE = YES;
				IPHONEOS_DEPLOYMENT_TARGET = 26.2;
				MARKETING_VERSION = 1.0;
				PRODUCT_BUNDLE_IDENTIFIER = com.app.dogCatAndITests;
				PRODUCT_NAME = "$(TARGET_NAME)";
				STRING_CATALOG_GENERATE_SYMBOLS = NO;
				SWIFT_APPROACHABLE_CONCURRENCY = YES;
				SWIFT_EMIT_LOC_STRINGS = NO;
				SWIFT_UPCOMING_FEATURE_MEMBER_IMPORT_VISIBILITY = YES;
				SWIFT_VERSION = 5.0;
				TARGETED_DEVICE_FAMILY = "1,2";
				TEST_HOST = "$(BUILT_PRODUCTS_DIR)/dogCatAndI.app/$(BUNDLE_EXECUTABLE_FOLDER_PATH)/dogCatAndI";
			};
			name = DebugUAT;
		};
		96A3B1152F36ED1400B4EF9B /* DebugUAT */ = {
			isa = XCBuildConfiguration;
			buildSettings = {
				CODE_SIGN_STYLE = Automatic;
				CURRENT_PROJECT_VERSION = 1;
				DEVELOPMENT_TEAM = 9JR855JWZY;
				GENERATE_INFOPLIST_FILE = YES;
				MARKETING_VERSION = 1.0;
				PRODUCT_BUNDLE_IDENTIFIER = com.app.dogCatAndIUITests;
				PRODUCT_NAME = "$(TARGET_NAME)";
				STRING_CATALOG_GENERATE_SYMBOLS = NO;
				SWIFT_APPROACHABLE_CONCURRENCY = YES;
				SWIFT_EMIT_LOC_STRINGS = NO;
				SWIFT_UPCOMING_FEATURE_MEMBER_IMPORT_VISIBILITY = YES;
				SWIFT_VERSION = 5.0;
				TARGETED_DEVICE_FAMILY = "1,2";
				TEST_TARGET_NAME = dogCatAndI;
			};
			name = DebugUAT;
		};
		96A3B1162F36ED2000B4EF9B /* DebugDev */ = {
			isa = XCBuildConfiguration;
			baseConfigurationReference = 96A3B1102F36EA5C00B4EF9B /* DevConfig.xcconfig */;
			buildSettings = {
				ALWAYS_SEARCH_USER_PATHS = NO;
				ASSETCATALOG_COMPILER_GENERATE_SWIFT_ASSET_SYMBOL_EXTENSIONS = YES;
				CLANG_ANALYZER_NONNULL = YES;
				CLANG_ANALYZER_NUMBER_OBJECT_CONVERSION = YES_AGGRESSIVE;
				CLANG_CXX_LANGUAGE_STANDARD = "gnu++20";
				CLANG_ENABLE_MODULES = YES;
				CLANG_ENABLE_OBJC_ARC = YES;
				CLANG_ENABLE_OBJC_WEAK = YES;
				CLANG_WARN_BLOCK_CAPTURE_AUTORELEASING = YES;
				CLANG_WARN_BOOL_CONVERSION = YES;
				CLANG_WARN_COMMA = YES;
				CLANG_WARN_CONSTANT_CONVERSION = YES;
				CLANG_WARN_DEPRECATED_OBJC_IMPLEMENTATIONS = YES;
				CLANG_WARN_DIRECT_OBJC_ISA_USAGE = YES_ERROR;
				CLANG_WARN_DOCUMENTATION_COMMENTS = YES;
				CLANG_WARN_EMPTY_BODY = YES;
				CLANG_WARN_ENUM_CONVERSION = YES;
				CLANG_WARN_INFINITE_RECURSION = YES;
				CLANG_WARN_INT_CONVERSION = YES;
				CLANG_WARN_NON_LITERAL_NULL_CONVERSION = YES;
				CLANG_WARN_OBJC_IMPLICIT_RETAIN_SELF = YES;
				CLANG_WARN_OBJC_LITERAL_CONVERSION = YES;
				CLANG_WARN_OBJC_ROOT_CLASS = YES_ERROR;
				CLANG_WARN_QUOTED_INCLUDE_IN_FRAMEWORK_HEADER = YES;
				CLANG_WARN_RANGE_LOOP_ANALYSIS = YES;
				CLANG_WARN_STRICT_PROTOTYPES = YES;
				CLANG_WARN_SUSPICIOUS_MOVE = YES;
				CLANG_WARN_UNGUARDED_AVAILABILITY = YES_AGGRESSIVE;
				CLANG_WARN_UNREACHABLE_CODE = YES;
				CLANG_WARN__DUPLICATE_METHOD_MATCH = YES;
				COPY_PHASE_STRIP = NO;
				DEBUG_INFORMATION_FORMAT = dwarf;
				DEVELOPMENT_TEAM = 9JR855JWZY;
				ENABLE_STRICT_OBJC_MSGSEND = YES;
				ENABLE_TESTABILITY = YES;
				ENABLE_USER_SCRIPT_SANDBOXING = YES;
				GCC_C_LANGUAGE_STANDARD = gnu17;
				GCC_DYNAMIC_NO_PIC = NO;
				GCC_NO_COMMON_BLOCKS = YES;
				GCC_OPTIMIZATION_LEVEL = 0;
				GCC_PREPROCESSOR_DEFINITIONS = (
					"DEBUG=1",
					"$(inherited)",
				);
				GCC_WARN_64_TO_32_BIT_CONVERSION = YES;
				GCC_WARN_ABOUT_RETURN_TYPE = YES_ERROR;
				GCC_WARN_UNDECLARED_SELECTOR = YES;
				GCC_WARN_UNINITIALIZED_AUTOS = YES_AGGRESSIVE;
				GCC_WARN_UNUSED_FUNCTION = YES;
				GCC_WARN_UNUSED_VARIABLE = YES;
				IPHONEOS_DEPLOYMENT_TARGET = 26.2;
				LOCALIZATION_PREFERS_STRING_CATALOGS = YES;
				MTL_ENABLE_DEBUG_INFO = INCLUDE_SOURCE;
				MTL_FAST_MATH = YES;
				ONLY_ACTIVE_ARCH = YES;
				SDKROOT = iphoneos;
				SWIFT_ACTIVE_COMPILATION_CONDITIONS = "DEBUG $(inherited)";
				SWIFT_OPTIMIZATION_LEVEL = "-Onone";
				SWIFT_VERSION = 6.0;
			};
			name = DebugDev;
		};
		96A3B1172F36ED2000B4EF9B /* DebugDev */ = {
			isa = XCBuildConfiguration;
			buildSettings = {
				ASSETCATALOG_COMPILER_APPICON_NAME = AppIcon;
				ASSETCATALOG_COMPILER_GLOBAL_ACCENT_COLOR_NAME = AccentColor;
				CODE_SIGN_STYLE = Automatic;
				CURRENT_PROJECT_VERSION = 1;
				DEVELOPMENT_TEAM = 9JR855JWZY;
				GENERATE_INFOPLIST_FILE = YES;
				INFOPLIST_FILE = dogCatAndI/Info.plist;
				INFOPLIST_KEY_CFBundleDisplayName = "Dog + Cat & I";
				INFOPLIST_KEY_LSApplicationCategoryType = "public.app-category.education";
				INFOPLIST_KEY_UIApplicationSupportsIndirectInputEvents = YES;
				INFOPLIST_KEY_UILaunchStoryboardName = LaunchScreen;
				INFOPLIST_KEY_UISupportedInterfaceOrientations_iPad = "UIInterfaceOrientationPortrait UIInterfaceOrientationPortraitUpsideDown UIInterfaceOrientationLandscapeLeft UIInterfaceOrientationLandscapeRight";
				INFOPLIST_KEY_UISupportedInterfaceOrientations_iPhone = "UIInterfaceOrientationPortrait UIInterfaceOrientationLandscapeLeft UIInterfaceOrientationLandscapeRight";
				IPHONEOS_DEPLOYMENT_TARGET = 16.6;
				LD_RUNPATH_SEARCH_PATHS = (
					"$(inherited)",
					"@executable_path/Frameworks",
				);
				MARKETING_VERSION = 1.0;
				PRODUCT_BUNDLE_IDENTIFIER = com.app.dogCatAndI;
				PRODUCT_NAME = "$(TARGET_NAME)";
				STRING_CATALOG_GENERATE_SYMBOLS = YES;
				SWIFT_APPROACHABLE_CONCURRENCY = YES;
				SWIFT_DEFAULT_ACTOR_ISOLATION = MainActor;
				SWIFT_EMIT_LOC_STRINGS = YES;
				SWIFT_UPCOMING_FEATURE_MEMBER_IMPORT_VISIBILITY = YES;
				SWIFT_VERSION = 5.0;
				TARGETED_DEVICE_FAMILY = "1,2";
			};
			name = DebugDev;
		};
		96A3B1182F36ED2000B4EF9B /* DebugDev */ = {
			isa = XCBuildConfiguration;
			buildSettings = {
				BUNDLE_LOADER = "$(TEST_HOST)";
				CODE_SIGN_STYLE = Automatic;
				CURRENT_PROJECT_VERSION = 1;
				DEVELOPMENT_TEAM = 9JR855JWZY;
				GENERATE_INFOPLIST_FILE = YES;
				IPHONEOS_DEPLOYMENT_TARGET = 26.2;
				MARKETING_VERSION = 1.0;
				PRODUCT_BUNDLE_IDENTIFIER = com.app.dogCatAndITests;
				PRODUCT_NAME = "$(TARGET_NAME)";
				STRING_CATALOG_GENERATE_SYMBOLS = NO;
				SWIFT_APPROACHABLE_CONCURRENCY = YES;
				SWIFT_EMIT_LOC_STRINGS = NO;
				SWIFT_UPCOMING_FEATURE_MEMBER_IMPORT_VISIBILITY = YES;
				SWIFT_VERSION = 5.0;
				TARGETED_DEVICE_FAMILY = "1,2";
				TEST_HOST = "$(BUILT_PRODUCTS_DIR)/dogCatAndI.app/$(BUNDLE_EXECUTABLE_FOLDER_PATH)/dogCatAndI";
			};
			name = DebugDev;
		};
		96A3B1192F36ED2000B4EF9B /* DebugDev */ = {
			isa = XCBuildConfiguration;
			buildSettings = {
				CODE_SIGN_STYLE = Automatic;
				CURRENT_PROJECT_VERSION = 1;
				DEVELOPMENT_TEAM = 9JR855JWZY;
				GENERATE_INFOPLIST_FILE = YES;
				MARKETING_VERSION = 1.0;
				PRODUCT_BUNDLE_IDENTIFIER = com.app.dogCatAndIUITests;
				PRODUCT_NAME = "$(TARGET_NAME)";
				STRING_CATALOG_GENERATE_SYMBOLS = NO;
				SWIFT_APPROACHABLE_CONCURRENCY = YES;
				SWIFT_EMIT_LOC_STRINGS = NO;
				SWIFT_UPCOMING_FEATURE_MEMBER_IMPORT_VISIBILITY = YES;
				SWIFT_VERSION = 5.0;
				TARGETED_DEVICE_FAMILY = "1,2";
				TEST_TARGET_NAME = dogCatAndI;
			};
			name = DebugDev;
		};
		96A3B11A2F36ED2900B4EF9B /* ReleaseUAT */ = {
			isa = XCBuildConfiguration;
			baseConfigurationReference = 96A3B10E2F36EA4700B4EF9B /* UATConfig.xcconfig */;
			buildSettings = {
				ALWAYS_SEARCH_USER_PATHS = NO;
				ASSETCATALOG_COMPILER_GENERATE_SWIFT_ASSET_SYMBOL_EXTENSIONS = YES;
				CLANG_ANALYZER_NONNULL = YES;
				CLANG_ANALYZER_NUMBER_OBJECT_CONVERSION = YES_AGGRESSIVE;
				CLANG_CXX_LANGUAGE_STANDARD = "gnu++20";
				CLANG_ENABLE_MODULES = YES;
				CLANG_ENABLE_OBJC_ARC = YES;
				CLANG_ENABLE_OBJC_WEAK = YES;
				CLANG_WARN_BLOCK_CAPTURE_AUTORELEASING = YES;
				CLANG_WARN_BOOL_CONVERSION = YES;
				CLANG_WARN_COMMA = YES;
				CLANG_WARN_CONSTANT_CONVERSION = YES;
				CLANG_WARN_DEPRECATED_OBJC_IMPLEMENTATIONS = YES;
				CLANG_WARN_DIRECT_OBJC_ISA_USAGE = YES_ERROR;
				CLANG_WARN_DOCUMENTATION_COMMENTS = YES;
				CLANG_WARN_EMPTY_BODY = YES;
				CLANG_WARN_ENUM_CONVERSION = YES;
				CLANG_WARN_INFINITE_RECURSION = YES;
				CLANG_WARN_INT_CONVERSION = YES;
				CLANG_WARN_NON_LITERAL_NULL_CONVERSION = YES;
				CLANG_WARN_OBJC_IMPLICIT_RETAIN_SELF = YES;
				CLANG_WARN_OBJC_LITERAL_CONVERSION = YES;
				CLANG_WARN_OBJC_ROOT_CLASS = YES_ERROR;
				CLANG_WARN_QUOTED_INCLUDE_IN_FRAMEWORK_HEADER = YES;
				CLANG_WARN_RANGE_LOOP_ANALYSIS = YES;
				CLANG_WARN_STRICT_PROTOTYPES = YES;
				CLANG_WARN_SUSPICIOUS_MOVE = YES;
				CLANG_WARN_UNGUARDED_AVAILABILITY = YES_AGGRESSIVE;
				CLANG_WARN_UNREACHABLE_CODE = YES;
				CLANG_WARN__DUPLICATE_METHOD_MATCH = YES;
				COPY_PHASE_STRIP = NO;
				DEBUG_INFORMATION_FORMAT = "dwarf-with-dsym";
				DEVELOPMENT_TEAM = 9JR855JWZY;
				ENABLE_NS_ASSERTIONS = NO;
				ENABLE_STRICT_OBJC_MSGSEND = YES;
				ENABLE_USER_SCRIPT_SANDBOXING = YES;
				GCC_C_LANGUAGE_STANDARD = gnu17;
				GCC_NO_COMMON_BLOCKS = YES;
				GCC_WARN_64_TO_32_BIT_CONVERSION = YES;
				GCC_WARN_ABOUT_RETURN_TYPE = YES_ERROR;
				GCC_WARN_UNDECLARED_SELECTOR = YES;
				GCC_WARN_UNINITIALIZED_AUTOS = YES_AGGRESSIVE;
				GCC_WARN_UNUSED_FUNCTION = YES;
				GCC_WARN_UNUSED_VARIABLE = YES;
				IPHONEOS_DEPLOYMENT_TARGET = 26.2;
				LOCALIZATION_PREFERS_STRING_CATALOGS = YES;
				MTL_ENABLE_DEBUG_INFO = NO;
				MTL_FAST_MATH = YES;
				SDKROOT = iphoneos;
				SWIFT_COMPILATION_MODE = wholemodule;
				SWIFT_VERSION = 6.0;
				VALIDATE_PRODUCT = YES;
			};
			name = ReleaseUAT;
		};
		96A3B11B2F36ED2900B4EF9B /* ReleaseUAT */ = {
			isa = XCBuildConfiguration;
			buildSettings = {
				ASSETCATALOG_COMPILER_APPICON_NAME = AppIcon;
				ASSETCATALOG_COMPILER_GLOBAL_ACCENT_COLOR_NAME = AccentColor;
				CODE_SIGN_STYLE = Automatic;
				CURRENT_PROJECT_VERSION = 1;
				DEVELOPMENT_TEAM = 9JR855JWZY;
				GENERATE_INFOPLIST_FILE = YES;
				INFOPLIST_FILE = dogCatAndI/Info.plist;
				INFOPLIST_KEY_CFBundleDisplayName = "Dog + Cat & I";
				INFOPLIST_KEY_LSApplicationCategoryType = "public.app-category.education";
				INFOPLIST_KEY_UIApplicationSupportsIndirectInputEvents = YES;
				INFOPLIST_KEY_UILaunchStoryboardName = LaunchScreen;
				INFOPLIST_KEY_UISupportedInterfaceOrientations_iPad = "UIInterfaceOrientationPortrait UIInterfaceOrientationPortraitUpsideDown UIInterfaceOrientationLandscapeLeft UIInterfaceOrientationLandscapeRight";
				INFOPLIST_KEY_UISupportedInterfaceOrientations_iPhone = "UIInterfaceOrientationPortrait UIInterfaceOrientationLandscapeLeft UIInterfaceOrientationLandscapeRight";
				IPHONEOS_DEPLOYMENT_TARGET = 16.6;
				LD_RUNPATH_SEARCH_PATHS = (
					"$(inherited)",
					"@executable_path/Frameworks",
				);
				MARKETING_VERSION = 1.0;
				PRODUCT_BUNDLE_IDENTIFIER = com.app.dogCatAndI;
				PRODUCT_NAME = "$(TARGET_NAME)";
				STRING_CATALOG_GENERATE_SYMBOLS = YES;
				SWIFT_APPROACHABLE_CONCURRENCY = YES;
				SWIFT_DEFAULT_ACTOR_ISOLATION = MainActor;
				SWIFT_EMIT_LOC_STRINGS = YES;
				SWIFT_UPCOMING_FEATURE_MEMBER_IMPORT_VISIBILITY = YES;
				SWIFT_VERSION = 5.0;
				TARGETED_DEVICE_FAMILY = "1,2";
			};
			name = ReleaseUAT;
		};
		96A3B11C2F36ED2900B4EF9B /* ReleaseUAT */ = {
			isa = XCBuildConfiguration;
			buildSettings = {
				BUNDLE_LOADER = "$(TEST_HOST)";
				CODE_SIGN_STYLE = Automatic;
				CURRENT_PROJECT_VERSION = 1;
				DEVELOPMENT_TEAM = 9JR855JWZY;
				GENERATE_INFOPLIST_FILE = YES;
				IPHONEOS_DEPLOYMENT_TARGET = 26.2;
				MARKETING_VERSION = 1.0;
				PRODUCT_BUNDLE_IDENTIFIER = com.app.dogCatAndITests;
				PRODUCT_NAME = "$(TARGET_NAME)";
				STRING_CATALOG_GENERATE_SYMBOLS = NO;
				SWIFT_APPROACHABLE_CONCURRENCY = YES;
				SWIFT_EMIT_LOC_STRINGS = NO;
				SWIFT_UPCOMING_FEATURE_MEMBER_IMPORT_VISIBILITY = YES;
				SWIFT_VERSION = 5.0;
				TARGETED_DEVICE_FAMILY = "1,2";
				TEST_HOST = "$(BUILT_PRODUCTS_DIR)/dogCatAndI.app/$(BUNDLE_EXECUTABLE_FOLDER_PATH)/dogCatAndI";
			};
			name = ReleaseUAT;
		};
		96A3B11D2F36ED2900B4EF9B /* ReleaseUAT */ = {
			isa = XCBuildConfiguration;
			buildSettings = {
				CODE_SIGN_STYLE = Automatic;
				CURRENT_PROJECT_VERSION = 1;
				DEVELOPMENT_TEAM = 9JR855JWZY;
				GENERATE_INFOPLIST_FILE = YES;
				MARKETING_VERSION = 1.0;
				PRODUCT_BUNDLE_IDENTIFIER = com.app.dogCatAndIUITests;
				PRODUCT_NAME = "$(TARGET_NAME)";
				STRING_CATALOG_GENERATE_SYMBOLS = NO;
				SWIFT_APPROACHABLE_CONCURRENCY = YES;
				SWIFT_EMIT_LOC_STRINGS = NO;
				SWIFT_UPCOMING_FEATURE_MEMBER_IMPORT_VISIBILITY = YES;
				SWIFT_VERSION = 5.0;
				TARGETED_DEVICE_FAMILY = "1,2";
				TEST_TARGET_NAME = dogCatAndI;
			};
			name = ReleaseUAT;
		};
		96A3B11E2F36ED3000B4EF9B /* ReleaseDev */ = {
			isa = XCBuildConfiguration;
			baseConfigurationReference = 96A3B1102F36EA5C00B4EF9B /* DevConfig.xcconfig */;
			buildSettings = {
				ALWAYS_SEARCH_USER_PATHS = NO;
				ASSETCATALOG_COMPILER_GENERATE_SWIFT_ASSET_SYMBOL_EXTENSIONS = YES;
				CLANG_ANALYZER_NONNULL = YES;
				CLANG_ANALYZER_NUMBER_OBJECT_CONVERSION = YES_AGGRESSIVE;
				CLANG_CXX_LANGUAGE_STANDARD = "gnu++20";
				CLANG_ENABLE_MODULES = YES;
				CLANG_ENABLE_OBJC_ARC = YES;
				CLANG_ENABLE_OBJC_WEAK = YES;
				CLANG_WARN_BLOCK_CAPTURE_AUTORELEASING = YES;
				CLANG_WARN_BOOL_CONVERSION = YES;
				CLANG_WARN_COMMA = YES;
				CLANG_WARN_CONSTANT_CONVERSION = YES;
				CLANG_WARN_DEPRECATED_OBJC_IMPLEMENTATIONS = YES;
				CLANG_WARN_DIRECT_OBJC_ISA_USAGE = YES_ERROR;
				CLANG_WARN_DOCUMENTATION_COMMENTS = YES;
				CLANG_WARN_EMPTY_BODY = YES;
				CLANG_WARN_ENUM_CONVERSION = YES;
				CLANG_WARN_INFINITE_RECURSION = YES;
				CLANG_WARN_INT_CONVERSION = YES;
				CLANG_WARN_NON_LITERAL_NULL_CONVERSION = YES;
				CLANG_WARN_OBJC_IMPLICIT_RETAIN_SELF = YES;
				CLANG_WARN_OBJC_LITERAL_CONVERSION = YES;
				CLANG_WARN_OBJC_ROOT_CLASS = YES_ERROR;
				CLANG_WARN_QUOTED_INCLUDE_IN_FRAMEWORK_HEADER = YES;
				CLANG_WARN_RANGE_LOOP_ANALYSIS = YES;
				CLANG_WARN_STRICT_PROTOTYPES = YES;
				CLANG_WARN_SUSPICIOUS_MOVE = YES;
				CLANG_WARN_UNGUARDED_AVAILABILITY = YES_AGGRESSIVE;
				CLANG_WARN_UNREACHABLE_CODE = YES;
				CLANG_WARN__DUPLICATE_METHOD_MATCH = YES;
				COPY_PHASE_STRIP = NO;
				DEBUG_INFORMATION_FORMAT = "dwarf-with-dsym";
				DEVELOPMENT_TEAM = 9JR855JWZY;
				ENABLE_NS_ASSERTIONS = NO;
				ENABLE_STRICT_OBJC_MSGSEND = YES;
				ENABLE_USER_SCRIPT_SANDBOXING = YES;
				GCC_C_LANGUAGE_STANDARD = gnu17;
				GCC_NO_COMMON_BLOCKS = YES;
				GCC_WARN_64_TO_32_BIT_CONVERSION = YES;
				GCC_WARN_ABOUT_RETURN_TYPE = YES_ERROR;
				GCC_WARN_UNDECLARED_SELECTOR = YES;
				GCC_WARN_UNINITIALIZED_AUTOS = YES_AGGRESSIVE;
				GCC_WARN_UNUSED_FUNCTION = YES;
				GCC_WARN_UNUSED_VARIABLE = YES;
				IPHONEOS_DEPLOYMENT_TARGET = 26.2;
				LOCALIZATION_PREFERS_STRING_CATALOGS = YES;
				MTL_ENABLE_DEBUG_INFO = NO;
				MTL_FAST_MATH = YES;
				SDKROOT = iphoneos;
				SWIFT_COMPILATION_MODE = wholemodule;
				SWIFT_VERSION = 6.0;
				VALIDATE_PRODUCT = YES;
			};
			name = ReleaseDev;
		};
		96A3B11F2F36ED3000B4EF9B /* ReleaseDev */ = {
			isa = XCBuildConfiguration;
			buildSettings = {
				ASSETCATALOG_COMPILER_APPICON_NAME = AppIcon;
				ASSETCATALOG_COMPILER_GLOBAL_ACCENT_COLOR_NAME = AccentColor;
				CODE_SIGN_STYLE = Automatic;
				CURRENT_PROJECT_VERSION = 1;
				DEVELOPMENT_TEAM = 9JR855JWZY;
				GENERATE_INFOPLIST_FILE = YES;
				INFOPLIST_FILE = dogCatAndI/Info.plist;
				INFOPLIST_KEY_CFBundleDisplayName = "Dog + Cat & I";
				INFOPLIST_KEY_LSApplicationCategoryType = "public.app-category.education";
				INFOPLIST_KEY_UIApplicationSupportsIndirectInputEvents = YES;
				INFOPLIST_KEY_UILaunchStoryboardName = LaunchScreen;
				INFOPLIST_KEY_UISupportedInterfaceOrientations_iPad = "UIInterfaceOrientationPortrait UIInterfaceOrientationPortraitUpsideDown UIInterfaceOrientationLandscapeLeft UIInterfaceOrientationLandscapeRight";
				INFOPLIST_KEY_UISupportedInterfaceOrientations_iPhone = "UIInterfaceOrientationPortrait UIInterfaceOrientationLandscapeLeft UIInterfaceOrientationLandscapeRight";
				IPHONEOS_DEPLOYMENT_TARGET = 16.6;
				LD_RUNPATH_SEARCH_PATHS = (
					"$(inherited)",
					"@executable_path/Frameworks",
				);
				MARKETING_VERSION = 1.0;
				PRODUCT_BUNDLE_IDENTIFIER = com.app.dogCatAndI;
				PRODUCT_NAME = "$(TARGET_NAME)";
				STRING_CATALOG_GENERATE_SYMBOLS = YES;
				SWIFT_APPROACHABLE_CONCURRENCY = YES;
				SWIFT_DEFAULT_ACTOR_ISOLATION = MainActor;
				SWIFT_EMIT_LOC_STRINGS = YES;
				SWIFT_UPCOMING_FEATURE_MEMBER_IMPORT_VISIBILITY = YES;
				SWIFT_VERSION = 5.0;
				TARGETED_DEVICE_FAMILY = "1,2";
			};
			name = ReleaseDev;
		};
		96A3B1202F36ED3000B4EF9B /* ReleaseDev */ = {
			isa = XCBuildConfiguration;
			buildSettings = {
				BUNDLE_LOADER = "$(TEST_HOST)";
				CODE_SIGN_STYLE = Automatic;
				CURRENT_PROJECT_VERSION = 1;
				DEVELOPMENT_TEAM = 9JR855JWZY;
				GENERATE_INFOPLIST_FILE = YES;
				IPHONEOS_DEPLOYMENT_TARGET = 26.2;
				MARKETING_VERSION = 1.0;
				PRODUCT_BUNDLE_IDENTIFIER = com.app.dogCatAndITests;
				PRODUCT_NAME = "$(TARGET_NAME)";
				STRING_CATALOG_GENERATE_SYMBOLS = NO;
				SWIFT_APPROACHABLE_CONCURRENCY = YES;
				SWIFT_EMIT_LOC_STRINGS = NO;
				SWIFT_UPCOMING_FEATURE_MEMBER_IMPORT_VISIBILITY = YES;
				SWIFT_VERSION = 5.0;
				TARGETED_DEVICE_FAMILY = "1,2";
				TEST_HOST = "$(BUILT_PRODUCTS_DIR)/dogCatAndI.app/$(BUNDLE_EXECUTABLE_FOLDER_PATH)/dogCatAndI";
			};
			name = ReleaseDev;
		};
		96A3B1212F36ED3000B4EF9B /* ReleaseDev */ = {
			isa = XCBuildConfiguration;
			buildSettings = {
				CODE_SIGN_STYLE = Automatic;
				CURRENT_PROJECT_VERSION = 1;
				DEVELOPMENT_TEAM = 9JR855JWZY;
				GENERATE_INFOPLIST_FILE = YES;
				MARKETING_VERSION = 1.0;
				PRODUCT_BUNDLE_IDENTIFIER = com.app.dogCatAndIUITests;
				PRODUCT_NAME = "$(TARGET_NAME)";
				STRING_CATALOG_GENERATE_SYMBOLS = NO;
				SWIFT_APPROACHABLE_CONCURRENCY = YES;
				SWIFT_EMIT_LOC_STRINGS = NO;
				SWIFT_UPCOMING_FEATURE_MEMBER_IMPORT_VISIBILITY = YES;
				SWIFT_VERSION = 5.0;
				TARGETED_DEVICE_FAMILY = "1,2";
				TEST_TARGET_NAME = dogCatAndI;
			};
			name = ReleaseDev;
		};
/* End XCBuildConfiguration section */

/* Begin XCConfigurationList section */
		966C7E642F35FBF500382491 /* Build configuration list for PBXProject "dogCatAndI" */ = {
			isa = XCConfigurationList;
			buildConfigurations = (
				966C7E952F35FBF700382491 /* Debug */,
				96A3B1122F36ED1400B4EF9B /* DebugUAT */,
				96A3B1162F36ED2000B4EF9B /* DebugDev */,
				966C7E962F35FBF700382491 /* Release */,
				96A3B11A2F36ED2900B4EF9B /* ReleaseUAT */,
				96A3B11E2F36ED3000B4EF9B /* ReleaseDev */,
			);
			defaultConfigurationIsVisible = 0;
			defaultConfigurationName = Release;
		};
		966C7E922F35FBF700382491 /* Build configuration list for PBXNativeTarget "dogCatAndI" */ = {
			isa = XCConfigurationList;
			buildConfigurations = (
				966C7E932F35FBF700382491 /* Debug */,
				96A3B1132F36ED1400B4EF9B /* DebugUAT */,
				96A3B1172F36ED2000B4EF9B /* DebugDev */,
				966C7E942F35FBF700382491 /* Release */,
				96A3B11B2F36ED2900B4EF9B /* ReleaseUAT */,
				96A3B11F2F36ED3000B4EF9B /* ReleaseDev */,
			);
			defaultConfigurationIsVisible = 0;
			defaultConfigurationName = Release;
		};
		966C7E972F35FBF700382491 /* Build configuration list for PBXNativeTarget "dogCatAndITests" */ = {
			isa = XCConfigurationList;
			buildConfigurations = (
				966C7E982F35FBF700382491 /* Debug */,
				96A3B1142F36ED1400B4EF9B /* DebugUAT */,
				96A3B1182F36ED2000B4EF9B /* DebugDev */,
				966C7E992F35FBF700382491 /* Release */,
				96A3B11C2F36ED2900B4EF9B /* ReleaseUAT */,
				96A3B1202F36ED3000B4EF9B /* ReleaseDev */,
			);
			defaultConfigurationIsVisible = 0;
			defaultConfigurationName = Release;
		};
		966C7E9A2F35FBF700382491 /* Build configuration list for PBXNativeTarget "dogCatAndIUITests" */ = {
			isa = XCConfigurationList;
			buildConfigurations = (
				966C7E9B2F35FBF700382491 /* Debug */,
				96A3B1152F36ED1400B4EF9B /* DebugUAT */,
				96A3B1192F36ED2000B4EF9B /* DebugDev */,
				966C7E9C2F35FBF700382491 /* Release */,
				96A3B11D2F36ED2900B4EF9B /* ReleaseUAT */,
				96A3B1212F36ED3000B4EF9B /* ReleaseDev */,
			);
			defaultConfigurationIsVisible = 0;
			defaultConfigurationName = Release;
		};
/* End XCConfigurationList section */

/* Begin XCRemoteSwiftPackageReference section */
		96A3B1242F37009400B4EF9B /* XCRemoteSwiftPackageReference "swift-collections" */ = {
			isa = XCRemoteSwiftPackageReference;
			repositoryURL = "https://github.com/apple/swift-collections.git";
			requirement = {
				kind = upToNextMajorVersion;
				minimumVersion = 1.3.0;
			};
		};
		96AF22B72F365F0F002C410D /* XCRemoteSwiftPackageReference "Alamofire" */ = {
			isa = XCRemoteSwiftPackageReference;
			repositoryURL = "https://github.com/Alamofire/Alamofire.git";
			requirement = {
				kind = upToNextMajorVersion;
				minimumVersion = 5.11.1;
			};
		};
		96AF22BA2F365F30002C410D /* XCRemoteSwiftPackageReference "netfox" */ = {
			isa = XCRemoteSwiftPackageReference;
			repositoryURL = "https://github.com/kasketis/netfox.git";
			requirement = {
				kind = upToNextMajorVersion;
				minimumVersion = 1.21.0;
			};
		};
/* End XCRemoteSwiftPackageReference section */

/* Begin XCSwiftPackageProductDependency section */
		96A3B1252F37009400B4EF9B /* BasicContainers */ = {
			isa = XCSwiftPackageProductDependency;
			package = 96A3B1242F37009400B4EF9B /* XCRemoteSwiftPackageReference "swift-collections" */;
			productName = BasicContainers;
		};
		96A3B1272F37009400B4EF9B /* BitCollections */ = {
			isa = XCSwiftPackageProductDependency;
			package = 96A3B1242F37009400B4EF9B /* XCRemoteSwiftPackageReference "swift-collections" */;
			productName = BitCollections;
		};
		96A3B1292F37009400B4EF9B /* Collections */ = {
			isa = XCSwiftPackageProductDependency;
			package = 96A3B1242F37009400B4EF9B /* XCRemoteSwiftPackageReference "swift-collections" */;
			productName = Collections;
		};
		96A3B12B2F37009400B4EF9B /* ContainersPreview */ = {
			isa = XCSwiftPackageProductDependency;
			package = 96A3B1242F37009400B4EF9B /* XCRemoteSwiftPackageReference "swift-collections" */;
			productName = ContainersPreview;
		};
		96A3B12D2F37009400B4EF9B /* DequeModule */ = {
			isa = XCSwiftPackageProductDependency;
			package = 96A3B1242F37009400B4EF9B /* XCRemoteSwiftPackageReference "swift-collections" */;
			productName = DequeModule;
		};
		96A3B12F2F37009400B4EF9B /* HashTreeCollections */ = {
			isa = XCSwiftPackageProductDependency;
			package = 96A3B1242F37009400B4EF9B /* XCRemoteSwiftPackageReference "swift-collections" */;
			productName = HashTreeCollections;
		};
		96A3B1312F37009400B4EF9B /* HeapModule */ = {
			isa = XCSwiftPackageProductDependency;
			package = 96A3B1242F37009400B4EF9B /* XCRemoteSwiftPackageReference "swift-collections" */;
			productName = HeapModule;
		};
		96A3B1332F37009400B4EF9B /* OrderedCollections */ = {
			isa = XCSwiftPackageProductDependency;
			package = 96A3B1242F37009400B4EF9B /* XCRemoteSwiftPackageReference "swift-collections" */;
			productName = OrderedCollections;
		};
		96A3B1352F37009400B4EF9B /* TrailingElementsModule */ = {
			isa = XCSwiftPackageProductDependency;
			package = 96A3B1242F37009400B4EF9B /* XCRemoteSwiftPackageReference "swift-collections" */;
			productName = TrailingElementsModule;
		};
		96A3B1372F37009400B4EF9B /* _RopeModule */ = {
			isa = XCSwiftPackageProductDependency;
			package = 96A3B1242F37009400B4EF9B /* XCRemoteSwiftPackageReference "swift-collections" */;
			productName = _RopeModule;
		};
		96AF22B82F365F0F002C410D /* Alamofire */ = {
			isa = XCSwiftPackageProductDependency;
			package = 96AF22B72F365F0F002C410D /* XCRemoteSwiftPackageReference "Alamofire" */;
			productName = Alamofire;
		};
		96AF22BB2F365F30002C410D /* netfox */ = {
			isa = XCSwiftPackageProductDependency;
			package = 96AF22BA2F365F30002C410D /* XCRemoteSwiftPackageReference "netfox" */;
			productName = netfox;
		};
/* End XCSwiftPackageProductDependency section */
	};
	rootObject = 966C7E612F35FBF500382491 /* Project object */;
}
